// !$*UTF8*$!
{
	archiveVersion = 1;
	classes = {
	};
	objectVersion = 56;
	objects = {

/* Begin PBXBuildFile section */
		2108868F5099B7354524BD1C /* Pods_BritWord.framework in Frameworks */ = {isa = PBXBuildFile; fileRef = CF0E043BA2AD936F6CB43920 /* Pods_BritWord.framework */; };
		B50258AA2B52A3930031C3A1 /* SimpleNavigationHeaderView.swift in Sources */ = {isa = PBXBuildFile; fileRef = B50258A92B52A3930031C3A1 /* SimpleNavigationHeaderView.swift */; };
		B50258AC2B52A7520031C3A1 /* PhoneticsDetailView.swift in Sources */ = {isa = PBXBuildFile; fileRef = B50258AB2B52A7520031C3A1 /* PhoneticsDetailView.swift */; };
		B50258AE2B52C2DF0031C3A1 /* PhoneticsSymbolView.swift in Sources */ = {isa = PBXBuildFile; fileRef = B50258AD2B52C2DF0031C3A1 /* PhoneticsSymbolView.swift */; };
		B50258B02B52C45C0031C3A1 /* PhoneticsExampleView.swift in Sources */ = {isa = PBXBuildFile; fileRef = B50258AF2B52C45C0031C3A1 /* PhoneticsExampleView.swift */; };
		B53EA51A2B4C34A100A1AAAF /* DifferentWordsView.swift in Sources */ = {isa = PBXBuildFile; fileRef = B53EA5192B4C34A100A1AAAF /* DifferentWordsView.swift */; };
		B53EA51C2B4C38AA00A1AAAF /* NavigationHeaderView.swift in Sources */ = {isa = PBXBuildFile; fileRef = B53EA51B2B4C38AA00A1AAAF /* NavigationHeaderView.swift */; };
		B53EA51E2B4C58F300A1AAAF /* DifferentWordTextView.swift in Sources */ = {isa = PBXBuildFile; fileRef = B53EA51D2B4C58F300A1AAAF /* DifferentWordTextView.swift */; };
		B53EA5202B4CFB9800A1AAAF /* HomeCoursesDestination.swift in Sources */ = {isa = PBXBuildFile; fileRef = B53EA51F2B4CFB9800A1AAAF /* HomeCoursesDestination.swift */; };
		B53EA5272B4E48D500A1AAAF /* PhoneticsView.swift in Sources */ = {isa = PBXBuildFile; fileRef = B53EA5262B4E48D500A1AAAF /* PhoneticsView.swift */; };
		B53EA52A2B4E637300A1AAAF /* PhoneticsListView.swift in Sources */ = {isa = PBXBuildFile; fileRef = B53EA5292B4E637300A1AAAF /* PhoneticsListView.swift */; };
		B53EA52D2B4E676A00A1AAAF /* TestStartView.swift in Sources */ = {isa = PBXBuildFile; fileRef = B53EA52C2B4E676A00A1AAAF /* TestStartView.swift */; };
		B53EA5332B4E8E9800A1AAAF /* ExerciseStartView.swift in Sources */ = {isa = PBXBuildFile; fileRef = B53EA5322B4E8E9800A1AAAF /* ExerciseStartView.swift */; };
		B53EA53C2B4EA7CE00A1AAAF /* LearningProgressView.swift in Sources */ = {isa = PBXBuildFile; fileRef = B53EA53B2B4EA7CE00A1AAAF /* LearningProgressView.swift */; };
		B53EA5442B4F971300A1AAAF /* ResultSheetView.swift in Sources */ = {isa = PBXBuildFile; fileRef = B53EA5432B4F971300A1AAAF /* ResultSheetView.swift */; };
		B53EA5462B4F994100A1AAAF /* ButtonView.swift in Sources */ = {isa = PBXBuildFile; fileRef = B53EA5452B4F994100A1AAAF /* ButtonView.swift */; };
		B53EA5482B4FE60D00A1AAAF /* ChapterListView.swift in Sources */ = {isa = PBXBuildFile; fileRef = B53EA5472B4FE60D00A1AAAF /* ChapterListView.swift */; };
		B53EA54A2B4FE8DC00A1AAAF /* LevelSheetView.swift in Sources */ = {isa = PBXBuildFile; fileRef = B53EA5492B4FE8DC00A1AAAF /* LevelSheetView.swift */; };
		B53EA54C2B4FE91100A1AAAF /* BorderButtonView.swift in Sources */ = {isa = PBXBuildFile; fileRef = B53EA54B2B4FE91100A1AAAF /* BorderButtonView.swift */; };
		B53EA54E2B4FF47500A1AAAF /* DottedLineShape.swift in Sources */ = {isa = PBXBuildFile; fileRef = B53EA54D2B4FF47500A1AAAF /* DottedLineShape.swift */; };
		B53EA5502B4FF7DF00A1AAAF /* ChapterItemView.swift in Sources */ = {isa = PBXBuildFile; fileRef = B53EA54F2B4FF7DF00A1AAAF /* ChapterItemView.swift */; };
		B53EA5522B50259600A1AAAF /* LearnVocabularyView.swift in Sources */ = {isa = PBXBuildFile; fileRef = B53EA5512B50259600A1AAAF /* LearnVocabularyView.swift */; };
		B53EA5542B50E7E300A1AAAF /* LoginView.swift in Sources */ = {isa = PBXBuildFile; fileRef = B53EA5532B50E7E300A1AAAF /* LoginView.swift */; };
		B53EA5562B50EDC800A1AAAF /* IconTextFieldView.swift in Sources */ = {isa = PBXBuildFile; fileRef = B53EA5552B50EDC800A1AAAF /* IconTextFieldView.swift */; };
		B559D2FF2B7387D4009F0A10 /* AudioPlayer.swift in Sources */ = {isa = PBXBuildFile; fileRef = B559D2FE2B7387D4009F0A10 /* AudioPlayer.swift */; };
		B559D3012B7389AC009F0A10 /* GoogleService-Info.plist in Resources */ = {isa = PBXBuildFile; fileRef = B559D3002B7389AC009F0A10 /* GoogleService-Info.plist */; };
		B559D3032B739064009F0A10 /* RemoteImageView.swift in Sources */ = {isa = PBXBuildFile; fileRef = B559D3022B739064009F0A10 /* RemoteImageView.swift */; };
		B55E8A9B2B517747004DB0D1 /* ResultView.swift in Sources */ = {isa = PBXBuildFile; fileRef = B55E8A9A2B517747004DB0D1 /* ResultView.swift */; };
		B55E8A9E2B518047004DB0D1 /* result_animation.json in Resources */ = {isa = PBXBuildFile; fileRef = B55E8A9C2B518046004DB0D1 /* result_animation.json */; };
		B55E8A9F2B518047004DB0D1 /* confetti_effect.json in Resources */ = {isa = PBXBuildFile; fileRef = B55E8A9D2B518047004DB0D1 /* confetti_effect.json */; };
		B55E8AA42B518477004DB0D1 /* WordsPhoneticsView.swift in Sources */ = {isa = PBXBuildFile; fileRef = B55E8AA32B518477004DB0D1 /* WordsPhoneticsView.swift */; };
		B568797A2B5786E20039CDD0 /* consonants_phonetics.json in Resources */ = {isa = PBXBuildFile; fileRef = B56879772B5786E10039CDD0 /* consonants_phonetics.json */; };
		B568797B2B5786E20039CDD0 /* diphthongs_phonetics.json in Resources */ = {isa = PBXBuildFile; fileRef = B56879782B5786E20039CDD0 /* diphthongs_phonetics.json */; };
		B568797C2B5786E20039CDD0 /* vowels_phonetics.json in Resources */ = {isa = PBXBuildFile; fileRef = B56879792B5786E20039CDD0 /* vowels_phonetics.json */; };
		B568797E2B5786F70039CDD0 /* PhoneticsModel.swift in Sources */ = {isa = PBXBuildFile; fileRef = B568797D2B5786F70039CDD0 /* PhoneticsModel.swift */; };
		B56879802B58DE250039CDD0 /* test_lists.json in Resources */ = {isa = PBXBuildFile; fileRef = B568797F2B58DE250039CDD0 /* test_lists.json */; };
		B56879822B58DE3E0039CDD0 /* TestListsModel.swift in Sources */ = {isa = PBXBuildFile; fileRef = B56879812B58DE3E0039CDD0 /* TestListsModel.swift */; };
		B56E1D162B466FBB00EFF481 /* BritWordApp.swift in Sources */ = {isa = PBXBuildFile; fileRef = B56E1D152B466FBB00EFF481 /* BritWordApp.swift */; };
		B56E1D182B466FBB00EFF481 /* SplashView.swift in Sources */ = {isa = PBXBuildFile; fileRef = B56E1D172B466FBB00EFF481 /* SplashView.swift */; };
		B56E1D1A2B466FBD00EFF481 /* Assets.xcassets in Resources */ = {isa = PBXBuildFile; fileRef = B56E1D192B466FBD00EFF481 /* Assets.xcassets */; };
		B56E1D1D2B466FBD00EFF481 /* Preview Assets.xcassets in Resources */ = {isa = PBXBuildFile; fileRef = B56E1D1C2B466FBD00EFF481 /* Preview Assets.xcassets */; };
		B56E1D292B46C5FE00EFF481 /* splashAnimation.json in Resources */ = {isa = PBXBuildFile; fileRef = B56E1D282B46C5FE00EFF481 /* splashAnimation.json */; };
		B56E1D2B2B46C63D00EFF481 /* LottieView.swift in Sources */ = {isa = PBXBuildFile; fileRef = B56E1D2A2B46C63D00EFF481 /* LottieView.swift */; };
		B56E1D2D2B46C90C00EFF481 /* HomeView.swift in Sources */ = {isa = PBXBuildFile; fileRef = B56E1D2C2B46C90C00EFF481 /* HomeView.swift */; };
		B56E1D2F2B46EFD800EFF481 /* LogoView.swift in Sources */ = {isa = PBXBuildFile; fileRef = B56E1D2E2B46EFD800EFF481 /* LogoView.swift */; };
		B56E1D312B46F02800EFF481 /* Constants.swift in Sources */ = {isa = PBXBuildFile; fileRef = B56E1D302B46F02800EFF481 /* Constants.swift */; };
		B56E1D382B46F5C400EFF481 /* notos_extra.ttf in Resources */ = {isa = PBXBuildFile; fileRef = B56E1D322B46F5C400EFF481 /* notos_extra.ttf */; };
		B56E1D392B46F5C400EFF481 /* baloo2_medium.ttf in Resources */ = {isa = PBXBuildFile; fileRef = B56E1D332B46F5C400EFF481 /* baloo2_medium.ttf */; };
		B56E1D3A2B46F5C400EFF481 /* baloo2_regular.ttf in Resources */ = {isa = PBXBuildFile; fileRef = B56E1D342B46F5C400EFF481 /* baloo2_regular.ttf */; };
		B56E1D3B2B46F5C400EFF481 /* baloo2_semibold.ttf in Resources */ = {isa = PBXBuildFile; fileRef = B56E1D352B46F5C400EFF481 /* baloo2_semibold.ttf */; };
		B56E1D3C2B46F5C400EFF481 /* noto_regular.ttf in Resources */ = {isa = PBXBuildFile; fileRef = B56E1D362B46F5C400EFF481 /* noto_regular.ttf */; };
		B56E1D3D2B46F5C400EFF481 /* baloo2_bold.ttf in Resources */ = {isa = PBXBuildFile; fileRef = B56E1D372B46F5C400EFF481 /* baloo2_bold.ttf */; };
		B56E1D412B46F65600EFF481 /* Colors.swift in Sources */ = {isa = PBXBuildFile; fileRef = B56E1D402B46F65600EFF481 /* Colors.swift */; };
		B56E1D432B46F79A00EFF481 /* Fonts.swift in Sources */ = {isa = PBXBuildFile; fileRef = B56E1D422B46F79A00EFF481 /* Fonts.swift */; };
		B56E1D492B47147E00EFF481 /* Modifiers.swift in Sources */ = {isa = PBXBuildFile; fileRef = B56E1D482B47147E00EFF481 /* Modifiers.swift */; };
		B56E1D4D2B47B0CB00EFF481 /* CoursesView.swift in Sources */ = {isa = PBXBuildFile; fileRef = B56E1D4C2B47B0CB00EFF481 /* CoursesView.swift */; };
		B56E1D4F2B47D59400EFF481 /* HeaderView.swift in Sources */ = {isa = PBXBuildFile; fileRef = B56E1D4E2B47D59400EFF481 /* HeaderView.swift */; };
		B56E1D512B4840AC00EFF481 /* CategoriesView.swift in Sources */ = {isa = PBXBuildFile; fileRef = B56E1D502B4840AC00EFF481 /* CategoriesView.swift */; };
		B5720EC32B72079D00B06183 /* DifferentWordsRowView.swift in Sources */ = {isa = PBXBuildFile; fileRef = B5720EC22B72079D00B06183 /* DifferentWordsRowView.swift */; };
		B5720EC62B7208F100B06183 /* Extensions.swift in Sources */ = {isa = PBXBuildFile; fileRef = B5720EC52B7208F100B06183 /* Extensions.swift */; };
		B5B009CA2B73C5AE004A30FA /* DifferentWordsViewModel.swift in Sources */ = {isa = PBXBuildFile; fileRef = B5B009C92B73C5AE004A30FA /* DifferentWordsViewModel.swift */; };
		B5B136452BA0BE9B0013C293 /* Dimens.swift in Sources */ = {isa = PBXBuildFile; fileRef = B5B136442BA0BE9B0013C293 /* Dimens.swift */; };
		B5B136472BA1537F0013C293 /* ExercisesView.swift in Sources */ = {isa = PBXBuildFile; fileRef = B5B136462BA1537F0013C293 /* ExercisesView.swift */; };
		B5B1364A2BA2C9770013C293 /* Auth in Frameworks */ = {isa = PBXBuildFile; productRef = B5B136492BA2C9770013C293 /* Auth */; };
		B5B1364C2BA2C9770013C293 /* Functions in Frameworks */ = {isa = PBXBuildFile; productRef = B5B1364B2BA2C9770013C293 /* Functions */; };
		B5B1364E2BA2C9770013C293 /* PostgREST in Frameworks */ = {isa = PBXBuildFile; productRef = B5B1364D2BA2C9770013C293 /* PostgREST */; };
		B5B136502BA2C9770013C293 /* Realtime in Frameworks */ = {isa = PBXBuildFile; productRef = B5B1364F2BA2C9770013C293 /* Realtime */; };
		B5B136522BA2C9770013C293 /* Storage in Frameworks */ = {isa = PBXBuildFile; productRef = B5B136512BA2C9770013C293 /* Storage */; };
		B5B136572BA2F77E0013C293 /* Table.swift in Sources */ = {isa = PBXBuildFile; fileRef = B5B136562BA2F77E0013C293 /* Table.swift */; };
		B5B136592BA2FA650013C293 /* Keys.swift in Sources */ = {isa = PBXBuildFile; fileRef = B5B136582BA2FA650013C293 /* Keys.swift */; };
		B5B1365B2BA2FE540013C293 /* Auth in Frameworks */ = {isa = PBXBuildFile; productRef = B5B1365A2BA2FE540013C293 /* Auth */; };
		B5B1365D2BA2FE540013C293 /* Functions in Frameworks */ = {isa = PBXBuildFile; productRef = B5B1365C2BA2FE540013C293 /* Functions */; };
		B5B1365F2BA2FE540013C293 /* PostgREST in Frameworks */ = {isa = PBXBuildFile; productRef = B5B1365E2BA2FE540013C293 /* PostgREST */; };
		B5B136612BA2FE540013C293 /* Realtime in Frameworks */ = {isa = PBXBuildFile; productRef = B5B136602BA2FE540013C293 /* Realtime */; };
		B5B136632BA2FE540013C293 /* Storage in Frameworks */ = {isa = PBXBuildFile; productRef = B5B136622BA2FE540013C293 /* Storage */; };
		B5D53E6E2BA2FFD000289ABD /* Supabase in Frameworks */ = {isa = PBXBuildFile; productRef = B5D53E6D2BA2FFD000289ABD /* Supabase */; };
		B5D53E712BA4856000289ABD /* PhoneticsExampleItemView.swift in Sources */ = {isa = PBXBuildFile; fileRef = B5D53E702BA4856000289ABD /* PhoneticsExampleItemView.swift */; };
		B5D53E762BA6C1DF00289ABD /* TestViewModel.swift in Sources */ = {isa = PBXBuildFile; fileRef = B5D53E752BA6C1DF00289ABD /* TestViewModel.swift */; };
		B5F783F92B5416C900D07B45 /* FillTheBlankView.swift in Sources */ = {isa = PBXBuildFile; fileRef = B5F783F82B5416C900D07B45 /* FillTheBlankView.swift */; };
		B5F783FB2B5443F800D07B45 /* SoundPlayerView.swift in Sources */ = {isa = PBXBuildFile; fileRef = B5F783FA2B5443F800D07B45 /* SoundPlayerView.swift */; };
		B5F783FD2B5526CC00D07B45 /* CodableBundleExtension.swift in Sources */ = {isa = PBXBuildFile; fileRef = B5F783FC2B5526CC00D07B45 /* CodableBundleExtension.swift */; };
		B5F783FF2B5526EC00D07B45 /* DifferentWordsModel.swift in Sources */ = {isa = PBXBuildFile; fileRef = B5F783FE2B5526EC00D07B45 /* DifferentWordsModel.swift */; };
		B5F8B29A2B553E8500A8BF48 /* StoryListModel.swift in Sources */ = {isa = PBXBuildFile; fileRef = B5F8B2992B553E8500A8BF48 /* StoryListModel.swift */; };
/* End PBXBuildFile section */

/* Begin PBXFileReference section */
		015C2FE97783EA357F6E4C45 /* Pods-BritWord.debug.xcconfig */ = {isa = PBXFileReference; includeInIndex = 1; lastKnownFileType = text.xcconfig; name = "Pods-BritWord.debug.xcconfig"; path = "Target Support Files/Pods-BritWord/Pods-BritWord.debug.xcconfig"; sourceTree = "<group>"; };
		06F15661BCD62B74D63058B4 /* Pods-BritWord.release.xcconfig */ = {isa = PBXFileReference; includeInIndex = 1; lastKnownFileType = text.xcconfig; name = "Pods-BritWord.release.xcconfig"; path = "Target Support Files/Pods-BritWord/Pods-BritWord.release.xcconfig"; sourceTree = "<group>"; };
		B50258A92B52A3930031C3A1 /* SimpleNavigationHeaderView.swift */ = {isa = PBXFileReference; lastKnownFileType = sourcecode.swift; path = SimpleNavigationHeaderView.swift; sourceTree = "<group>"; };
		B50258AB2B52A7520031C3A1 /* PhoneticsDetailView.swift */ = {isa = PBXFileReference; lastKnownFileType = sourcecode.swift; path = PhoneticsDetailView.swift; sourceTree = "<group>"; };
		B50258AD2B52C2DF0031C3A1 /* PhoneticsSymbolView.swift */ = {isa = PBXFileReference; lastKnownFileType = sourcecode.swift; path = PhoneticsSymbolView.swift; sourceTree = "<group>"; };
		B50258AF2B52C45C0031C3A1 /* PhoneticsExampleView.swift */ = {isa = PBXFileReference; lastKnownFileType = sourcecode.swift; path = PhoneticsExampleView.swift; sourceTree = "<group>"; };
		B53EA5192B4C34A100A1AAAF /* DifferentWordsView.swift */ = {isa = PBXFileReference; lastKnownFileType = sourcecode.swift; path = DifferentWordsView.swift; sourceTree = "<group>"; };
		B53EA51B2B4C38AA00A1AAAF /* NavigationHeaderView.swift */ = {isa = PBXFileReference; lastKnownFileType = sourcecode.swift; path = NavigationHeaderView.swift; sourceTree = "<group>"; };
		B53EA51D2B4C58F300A1AAAF /* DifferentWordTextView.swift */ = {isa = PBXFileReference; lastKnownFileType = sourcecode.swift; path = DifferentWordTextView.swift; sourceTree = "<group>"; };
		B53EA51F2B4CFB9800A1AAAF /* HomeCoursesDestination.swift */ = {isa = PBXFileReference; lastKnownFileType = sourcecode.swift; path = HomeCoursesDestination.swift; sourceTree = "<group>"; };
		B53EA5262B4E48D500A1AAAF /* PhoneticsView.swift */ = {isa = PBXFileReference; lastKnownFileType = sourcecode.swift; path = PhoneticsView.swift; sourceTree = "<group>"; };
		B53EA5292B4E637300A1AAAF /* PhoneticsListView.swift */ = {isa = PBXFileReference; lastKnownFileType = sourcecode.swift; path = PhoneticsListView.swift; sourceTree = "<group>"; };
		B53EA52C2B4E676A00A1AAAF /* TestStartView.swift */ = {isa = PBXFileReference; lastKnownFileType = sourcecode.swift; path = TestStartView.swift; sourceTree = "<group>"; };
		B53EA5322B4E8E9800A1AAAF /* ExerciseStartView.swift */ = {isa = PBXFileReference; lastKnownFileType = sourcecode.swift; path = ExerciseStartView.swift; sourceTree = "<group>"; };
		B53EA53B2B4EA7CE00A1AAAF /* LearningProgressView.swift */ = {isa = PBXFileReference; lastKnownFileType = sourcecode.swift; path = LearningProgressView.swift; sourceTree = "<group>"; };
		B53EA5432B4F971300A1AAAF /* ResultSheetView.swift */ = {isa = PBXFileReference; lastKnownFileType = sourcecode.swift; path = ResultSheetView.swift; sourceTree = "<group>"; };
		B53EA5452B4F994100A1AAAF /* ButtonView.swift */ = {isa = PBXFileReference; lastKnownFileType = sourcecode.swift; path = ButtonView.swift; sourceTree = "<group>"; };
		B53EA5472B4FE60D00A1AAAF /* ChapterListView.swift */ = {isa = PBXFileReference; lastKnownFileType = sourcecode.swift; path = ChapterListView.swift; sourceTree = "<group>"; };
		B53EA5492B4FE8DC00A1AAAF /* LevelSheetView.swift */ = {isa = PBXFileReference; lastKnownFileType = sourcecode.swift; path = LevelSheetView.swift; sourceTree = "<group>"; };
		B53EA54B2B4FE91100A1AAAF /* BorderButtonView.swift */ = {isa = PBXFileReference; lastKnownFileType = sourcecode.swift; path = BorderButtonView.swift; sourceTree = "<group>"; };
		B53EA54D2B4FF47500A1AAAF /* DottedLineShape.swift */ = {isa = PBXFileReference; lastKnownFileType = sourcecode.swift; path = DottedLineShape.swift; sourceTree = "<group>"; };
		B53EA54F2B4FF7DF00A1AAAF /* ChapterItemView.swift */ = {isa = PBXFileReference; lastKnownFileType = sourcecode.swift; path = ChapterItemView.swift; sourceTree = "<group>"; };
		B53EA5512B50259600A1AAAF /* LearnVocabularyView.swift */ = {isa = PBXFileReference; lastKnownFileType = sourcecode.swift; path = LearnVocabularyView.swift; sourceTree = "<group>"; };
		B53EA5532B50E7E300A1AAAF /* LoginView.swift */ = {isa = PBXFileReference; lastKnownFileType = sourcecode.swift; path = LoginView.swift; sourceTree = "<group>"; };
		B53EA5552B50EDC800A1AAAF /* IconTextFieldView.swift */ = {isa = PBXFileReference; lastKnownFileType = sourcecode.swift; path = IconTextFieldView.swift; sourceTree = "<group>"; };
		B559D2FE2B7387D4009F0A10 /* AudioPlayer.swift */ = {isa = PBXFileReference; lastKnownFileType = sourcecode.swift; path = AudioPlayer.swift; sourceTree = "<group>"; };
		B559D3002B7389AC009F0A10 /* GoogleService-Info.plist */ = {isa = PBXFileReference; fileEncoding = 4; lastKnownFileType = text.plist.xml; path = "GoogleService-Info.plist"; sourceTree = "<group>"; };
		B559D3022B739064009F0A10 /* RemoteImageView.swift */ = {isa = PBXFileReference; lastKnownFileType = sourcecode.swift; path = RemoteImageView.swift; sourceTree = "<group>"; };
		B55E8A9A2B517747004DB0D1 /* ResultView.swift */ = {isa = PBXFileReference; lastKnownFileType = sourcecode.swift; path = ResultView.swift; sourceTree = "<group>"; };
		B55E8A9C2B518046004DB0D1 /* result_animation.json */ = {isa = PBXFileReference; fileEncoding = 4; lastKnownFileType = text.json; path = result_animation.json; sourceTree = "<group>"; };
		B55E8A9D2B518047004DB0D1 /* confetti_effect.json */ = {isa = PBXFileReference; fileEncoding = 4; lastKnownFileType = text.json; path = confetti_effect.json; sourceTree = "<group>"; };
		B55E8AA32B518477004DB0D1 /* WordsPhoneticsView.swift */ = {isa = PBXFileReference; lastKnownFileType = sourcecode.swift; path = WordsPhoneticsView.swift; sourceTree = "<group>"; };
		B56879772B5786E10039CDD0 /* consonants_phonetics.json */ = {isa = PBXFileReference; fileEncoding = 4; lastKnownFileType = text.json; path = consonants_phonetics.json; sourceTree = "<group>"; };
		B56879782B5786E20039CDD0 /* diphthongs_phonetics.json */ = {isa = PBXFileReference; fileEncoding = 4; lastKnownFileType = text.json; path = diphthongs_phonetics.json; sourceTree = "<group>"; };
		B56879792B5786E20039CDD0 /* vowels_phonetics.json */ = {isa = PBXFileReference; fileEncoding = 4; lastKnownFileType = text.json; path = vowels_phonetics.json; sourceTree = "<group>"; };
		B568797D2B5786F70039CDD0 /* PhoneticsModel.swift */ = {isa = PBXFileReference; lastKnownFileType = sourcecode.swift; path = PhoneticsModel.swift; sourceTree = "<group>"; };
		B568797F2B58DE250039CDD0 /* test_lists.json */ = {isa = PBXFileReference; fileEncoding = 4; lastKnownFileType = text.json; path = test_lists.json; sourceTree = "<group>"; };
		B56879812B58DE3E0039CDD0 /* TestListsModel.swift */ = {isa = PBXFileReference; lastKnownFileType = sourcecode.swift; path = TestListsModel.swift; sourceTree = "<group>"; };
		B56E1D122B466FBB00EFF481 /* BritWord.app */ = {isa = PBXFileReference; explicitFileType = wrapper.application; includeInIndex = 0; path = BritWord.app; sourceTree = BUILT_PRODUCTS_DIR; };
		B56E1D152B466FBB00EFF481 /* BritWordApp.swift */ = {isa = PBXFileReference; lastKnownFileType = sourcecode.swift; path = BritWordApp.swift; sourceTree = "<group>"; };
		B56E1D172B466FBB00EFF481 /* SplashView.swift */ = {isa = PBXFileReference; lastKnownFileType = sourcecode.swift; path = SplashView.swift; sourceTree = "<group>"; };
		B56E1D192B466FBD00EFF481 /* Assets.xcassets */ = {isa = PBXFileReference; lastKnownFileType = folder.assetcatalog; path = Assets.xcassets; sourceTree = "<group>"; };
		B56E1D1C2B466FBD00EFF481 /* Preview Assets.xcassets */ = {isa = PBXFileReference; lastKnownFileType = folder.assetcatalog; path = "Preview Assets.xcassets"; sourceTree = "<group>"; };
		B56E1D282B46C5FE00EFF481 /* splashAnimation.json */ = {isa = PBXFileReference; fileEncoding = 4; lastKnownFileType = text.json; path = splashAnimation.json; sourceTree = "<group>"; };
		B56E1D2A2B46C63D00EFF481 /* LottieView.swift */ = {isa = PBXFileReference; lastKnownFileType = sourcecode.swift; path = LottieView.swift; sourceTree = "<group>"; };
		B56E1D2C2B46C90C00EFF481 /* HomeView.swift */ = {isa = PBXFileReference; lastKnownFileType = sourcecode.swift; path = HomeView.swift; sourceTree = "<group>"; };
		B56E1D2E2B46EFD800EFF481 /* LogoView.swift */ = {isa = PBXFileReference; lastKnownFileType = sourcecode.swift; path = LogoView.swift; sourceTree = "<group>"; };
		B56E1D302B46F02800EFF481 /* Constants.swift */ = {isa = PBXFileReference; lastKnownFileType = sourcecode.swift; path = Constants.swift; sourceTree = "<group>"; };
		B56E1D322B46F5C400EFF481 /* notos_extra.ttf */ = {isa = PBXFileReference; lastKnownFileType = file; path = notos_extra.ttf; sourceTree = "<group>"; };
		B56E1D332B46F5C400EFF481 /* baloo2_medium.ttf */ = {isa = PBXFileReference; lastKnownFileType = file; path = baloo2_medium.ttf; sourceTree = "<group>"; };
		B56E1D342B46F5C400EFF481 /* baloo2_regular.ttf */ = {isa = PBXFileReference; lastKnownFileType = file; path = baloo2_regular.ttf; sourceTree = "<group>"; };
		B56E1D352B46F5C400EFF481 /* baloo2_semibold.ttf */ = {isa = PBXFileReference; lastKnownFileType = file; path = baloo2_semibold.ttf; sourceTree = "<group>"; };
		B56E1D362B46F5C400EFF481 /* noto_regular.ttf */ = {isa = PBXFileReference; lastKnownFileType = file; path = noto_regular.ttf; sourceTree = "<group>"; };
		B56E1D372B46F5C400EFF481 /* baloo2_bold.ttf */ = {isa = PBXFileReference; lastKnownFileType = file; path = baloo2_bold.ttf; sourceTree = "<group>"; };
		B56E1D3F2B46F5EB00EFF481 /* Info.plist */ = {isa = PBXFileReference; lastKnownFileType = text.plist; path = Info.plist; sourceTree = "<group>"; };
		B56E1D402B46F65600EFF481 /* Colors.swift */ = {isa = PBXFileReference; lastKnownFileType = sourcecode.swift; path = Colors.swift; sourceTree = "<group>"; };
		B56E1D422B46F79A00EFF481 /* Fonts.swift */ = {isa = PBXFileReference; lastKnownFileType = sourcecode.swift; path = Fonts.swift; sourceTree = "<group>"; };
		B56E1D482B47147E00EFF481 /* Modifiers.swift */ = {isa = PBXFileReference; lastKnownFileType = sourcecode.swift; path = Modifiers.swift; sourceTree = "<group>"; };
		B56E1D4C2B47B0CB00EFF481 /* CoursesView.swift */ = {isa = PBXFileReference; lastKnownFileType = sourcecode.swift; path = CoursesView.swift; sourceTree = "<group>"; };
		B56E1D4E2B47D59400EFF481 /* HeaderView.swift */ = {isa = PBXFileReference; lastKnownFileType = sourcecode.swift; path = HeaderView.swift; sourceTree = "<group>"; };
		B56E1D502B4840AC00EFF481 /* CategoriesView.swift */ = {isa = PBXFileReference; lastKnownFileType = sourcecode.swift; path = CategoriesView.swift; sourceTree = "<group>"; };
		B5720EC22B72079D00B06183 /* DifferentWordsRowView.swift */ = {isa = PBXFileReference; lastKnownFileType = sourcecode.swift; path = DifferentWordsRowView.swift; sourceTree = "<group>"; };
		B5720EC52B7208F100B06183 /* Extensions.swift */ = {isa = PBXFileReference; lastKnownFileType = sourcecode.swift; path = Extensions.swift; sourceTree = "<group>"; };
		B5B009C92B73C5AE004A30FA /* DifferentWordsViewModel.swift */ = {isa = PBXFileReference; lastKnownFileType = sourcecode.swift; path = DifferentWordsViewModel.swift; sourceTree = "<group>"; };
		B5B136442BA0BE9B0013C293 /* Dimens.swift */ = {isa = PBXFileReference; lastKnownFileType = sourcecode.swift; path = Dimens.swift; sourceTree = "<group>"; };
		B5B136462BA1537F0013C293 /* ExercisesView.swift */ = {isa = PBXFileReference; lastKnownFileType = sourcecode.swift; path = ExercisesView.swift; sourceTree = "<group>"; };
		B5B136562BA2F77E0013C293 /* Table.swift */ = {isa = PBXFileReference; lastKnownFileType = sourcecode.swift; path = Table.swift; sourceTree = "<group>"; };
		B5B136582BA2FA650013C293 /* Keys.swift */ = {isa = PBXFileReference; lastKnownFileType = sourcecode.swift; path = Keys.swift; sourceTree = "<group>"; };
		B5D53E702BA4856000289ABD /* PhoneticsExampleItemView.swift */ = {isa = PBXFileReference; lastKnownFileType = sourcecode.swift; path = PhoneticsExampleItemView.swift; sourceTree = "<group>"; };
		B5D53E752BA6C1DF00289ABD /* TestViewModel.swift */ = {isa = PBXFileReference; lastKnownFileType = sourcecode.swift; path = TestViewModel.swift; sourceTree = "<group>"; };
		B5F783F82B5416C900D07B45 /* FillTheBlankView.swift */ = {isa = PBXFileReference; lastKnownFileType = sourcecode.swift; path = FillTheBlankView.swift; sourceTree = "<group>"; };
		B5F783FA2B5443F800D07B45 /* SoundPlayerView.swift */ = {isa = PBXFileReference; lastKnownFileType = sourcecode.swift; path = SoundPlayerView.swift; sourceTree = "<group>"; };
		B5F783FC2B5526CC00D07B45 /* CodableBundleExtension.swift */ = {isa = PBXFileReference; lastKnownFileType = sourcecode.swift; path = CodableBundleExtension.swift; sourceTree = "<group>"; };
		B5F783FE2B5526EC00D07B45 /* DifferentWordsModel.swift */ = {isa = PBXFileReference; lastKnownFileType = sourcecode.swift; path = DifferentWordsModel.swift; sourceTree = "<group>"; };
		B5F8B2992B553E8500A8BF48 /* StoryListModel.swift */ = {isa = PBXFileReference; lastKnownFileType = sourcecode.swift; path = StoryListModel.swift; sourceTree = "<group>"; };
		CF0E043BA2AD936F6CB43920 /* Pods_BritWord.framework */ = {isa = PBXFileReference; explicitFileType = wrapper.framework; includeInIndex = 0; path = Pods_BritWord.framework; sourceTree = BUILT_PRODUCTS_DIR; };
/* End PBXFileReference section */

/* Begin PBXFrameworksBuildPhase section */
		B56E1D0F2B466FBB00EFF481 /* Frameworks */ = {
			isa = PBXFrameworksBuildPhase;
			buildActionMask = 2147483647;
			files = (
				B5B136522BA2C9770013C293 /* Storage in Frameworks */,
				B5B1364E2BA2C9770013C293 /* PostgREST in Frameworks */,
				B5B136632BA2FE540013C293 /* Storage in Frameworks */,
				B5B1365D2BA2FE540013C293 /* Functions in Frameworks */,
				B5B136612BA2FE540013C293 /* Realtime in Frameworks */,
				B5B1365F2BA2FE540013C293 /* PostgREST in Frameworks */,
				B5B1364C2BA2C9770013C293 /* Functions in Frameworks */,
				B5B1365B2BA2FE540013C293 /* Auth in Frameworks */,
				B5D53E6E2BA2FFD000289ABD /* Supabase in Frameworks */,
				B5B1364A2BA2C9770013C293 /* Auth in Frameworks */,
				B5B136502BA2C9770013C293 /* Realtime in Frameworks */,
				2108868F5099B7354524BD1C /* Pods_BritWord.framework in Frameworks */,
			);
			runOnlyForDeploymentPostprocessing = 0;
		};
/* End PBXFrameworksBuildPhase section */

/* Begin PBXGroup section */
		6FE0073E162DC5289D150EA0 /* Pods */ = {
			isa = PBXGroup;
			children = (
				015C2FE97783EA357F6E4C45 /* Pods-BritWord.debug.xcconfig */,
				06F15661BCD62B74D63058B4 /* Pods-BritWord.release.xcconfig */,
			);
			path = Pods;
			sourceTree = "<group>";
		};
		B53EA5212B4D361100A1AAAF /* DifferentWords */ = {
			isa = PBXGroup;
			children = (
				B5D53E732BA4907C00289ABD /* CustomSubView */,
				B53EA5192B4C34A100A1AAAF /* DifferentWordsView.swift */,
			);
			path = DifferentWords;
			sourceTree = "<group>";
		};
		B53EA5282B4E491F00A1AAAF /* Phonetics */ = {
			isa = PBXGroup;
			children = (
				B5D53E722BA4903200289ABD /* CustomSubView */,
				B53EA5262B4E48D500A1AAAF /* PhoneticsView.swift */,
				B50258AB2B52A7520031C3A1 /* PhoneticsDetailView.swift */,
			);
			path = Phonetics;
			sourceTree = "<group>";
		};
		B53EA5342B4E97C500A1AAAF /* Test */ = {
			isa = PBXGroup;
			children = (
				B53EA52C2B4E676A00A1AAAF /* TestStartView.swift */,
				B5F783F82B5416C900D07B45 /* FillTheBlankView.swift */,
			);
			path = Test;
			sourceTree = "<group>";
		};
		B53EA5372B4E97E100A1AAAF /* Exercises */ = {
			isa = PBXGroup;
			children = (
				B53EA5342B4E97C500A1AAAF /* Test */,
			);
			path = Exercises;
			sourceTree = "<group>";
		};
		B53EA5382B4E97FE00A1AAAF /* Categories */ = {
			isa = PBXGroup;
			children = (
				B53EA5212B4D361100A1AAAF /* DifferentWords */,
				B53EA5282B4E491F00A1AAAF /* Phonetics */,
			);
			path = Categories;
			sourceTree = "<group>";
		};
		B559D3042B73911E009F0A10 /* Others */ = {
			isa = PBXGroup;
			children = (
			);
			path = Others;
			sourceTree = "<group>";
		};
		B55E8AA02B5181F9004DB0D1 /* Vocabulary */ = {
			isa = PBXGroup;
			children = (
				B53EA5472B4FE60D00A1AAAF /* ChapterListView.swift */,
				B53EA5492B4FE8DC00A1AAAF /* LevelSheetView.swift */,
				B53EA54F2B4FF7DF00A1AAAF /* ChapterItemView.swift */,
				B53EA5512B50259600A1AAAF /* LearnVocabularyView.swift */,
				B55E8AA32B518477004DB0D1 /* WordsPhoneticsView.swift */,
			);
			path = Vocabulary;
			sourceTree = "<group>";
		};
		B55E8AA12B51820C004DB0D1 /* Login */ = {
			isa = PBXGroup;
			children = (
				B53EA5532B50E7E300A1AAAF /* LoginView.swift */,
			);
			path = Login;
			sourceTree = "<group>";
		};
		B55E8AA22B518256004DB0D1 /* Components */ = {
			isa = PBXGroup;
			children = (
				B53EA51B2B4C38AA00A1AAAF /* NavigationHeaderView.swift */,
				B53EA5322B4E8E9800A1AAAF /* ExerciseStartView.swift */,
				B53EA53B2B4EA7CE00A1AAAF /* LearningProgressView.swift */,
				B53EA5432B4F971300A1AAAF /* ResultSheetView.swift */,
				B53EA5452B4F994100A1AAAF /* ButtonView.swift */,
				B53EA54B2B4FE91100A1AAAF /* BorderButtonView.swift */,
				B55E8A9A2B517747004DB0D1 /* ResultView.swift */,
				B50258A92B52A3930031C3A1 /* SimpleNavigationHeaderView.swift */,
				B5F783FA2B5443F800D07B45 /* SoundPlayerView.swift */,
				B559D3022B739064009F0A10 /* RemoteImageView.swift */,
			);
			path = Components;
			sourceTree = "<group>";
		};
		B56E1D092B466FBB00EFF481 = {
			isa = PBXGroup;
			children = (
				B56E1D142B466FBB00EFF481 /* BritWord */,
				B56E1D132B466FBB00EFF481 /* Products */,
				6FE0073E162DC5289D150EA0 /* Pods */,
				D4DD10159345ACD1B2AC04A3 /* Frameworks */,
			);
			sourceTree = "<group>";
		};
		B56E1D132B466FBB00EFF481 /* Products */ = {
			isa = PBXGroup;
			children = (
				B56E1D122B466FBB00EFF481 /* BritWord.app */,
			);
			name = Products;
			sourceTree = "<group>";
		};
		B56E1D142B466FBB00EFF481 /* BritWord */ = {
			isa = PBXGroup;
			children = (
				B5B136402BA015120013C293 /* Managers */,
				B559D3002B7389AC009F0A10 /* GoogleService-Info.plist */,
				B5F784042B552A4700D07B45 /* Datas */,
				B56E1D3F2B46F5EB00EFF481 /* Info.plist */,
				B56E1D3E2B46F5C800EFF481 /* Fonts */,
				B56E1D262B46871800EFF481 /* Utilities */,
				B56E1D252B46871100EFF481 /* Model */,
				B56E1D242B46870A00EFF481 /* ViewModel */,
				B56E1D232B4686FE00EFF481 /* View */,
				B56E1D152B466FBB00EFF481 /* BritWordApp.swift */,
				B56E1D192B466FBD00EFF481 /* Assets.xcassets */,
				B56E1D1B2B466FBD00EFF481 /* Preview Content */,
				B5F783FC2B5526CC00D07B45 /* CodableBundleExtension.swift */,
			);
			path = BritWord;
			sourceTree = "<group>";
		};
		B56E1D1B2B466FBD00EFF481 /* Preview Content */ = {
			isa = PBXGroup;
			children = (
				B56E1D1C2B466FBD00EFF481 /* Preview Assets.xcassets */,
			);
			path = "Preview Content";
			sourceTree = "<group>";
		};
		B56E1D232B4686FE00EFF481 /* View */ = {
			isa = PBXGroup;
			children = (
				B559D3042B73911E009F0A10 /* Others */,
				B55E8AA12B51820C004DB0D1 /* Login */,
				B56E1D532B49534F00EFF481 /* Splash */,
				B56E1D522B49534500EFF481 /* Home */,
				B55E8AA22B518256004DB0D1 /* Components */,
			);
			path = View;
			sourceTree = "<group>";
		};
		B56E1D242B46870A00EFF481 /* ViewModel */ = {
			isa = PBXGroup;
			children = (
				B5B009C92B73C5AE004A30FA /* DifferentWordsViewModel.swift */,
				B5D53E752BA6C1DF00289ABD /* TestViewModel.swift */,
			);
			path = ViewModel;
			sourceTree = "<group>";
		};
		B56E1D252B46871100EFF481 /* Model */ = {
			isa = PBXGroup;
			children = (
				B53EA51F2B4CFB9800A1AAAF /* HomeCoursesDestination.swift */,
				B5F783FE2B5526EC00D07B45 /* DifferentWordsModel.swift */,
				B5F8B2992B553E8500A8BF48 /* StoryListModel.swift */,
				B568797D2B5786F70039CDD0 /* PhoneticsModel.swift */,
				B56879812B58DE3E0039CDD0 /* TestListsModel.swift */,
			);
			path = Model;
			sourceTree = "<group>";
		};
		B56E1D262B46871800EFF481 /* Utilities */ = {
			isa = PBXGroup;
			children = (
				B5720EC42B7208E200B06183 /* Extensions */,
				B5B136412BA0428B0013C293 /* Constants */,
				B5B1363F2BA015080013C293 /* Modifiers */,
				B5B1363E2BA014FA0013C293 /* CustomShapes */,
				B56E1D2A2B46C63D00EFF481 /* LottieView.swift */,
				B53EA5552B50EDC800A1AAAF /* IconTextFieldView.swift */,
			);
			path = Utilities;
			sourceTree = "<group>";
		};
		B56E1D272B46C5F500EFF481 /* Animations */ = {
			isa = PBXGroup;
			children = (
				B55E8A9D2B518047004DB0D1 /* confetti_effect.json */,
				B55E8A9C2B518046004DB0D1 /* result_animation.json */,
				B56E1D282B46C5FE00EFF481 /* splashAnimation.json */,
			);
			path = Animations;
			sourceTree = "<group>";
		};
		B56E1D3E2B46F5C800EFF481 /* Fonts */ = {
			isa = PBXGroup;
			children = (
				B56E1D372B46F5C400EFF481 /* baloo2_bold.ttf */,
				B56E1D332B46F5C400EFF481 /* baloo2_medium.ttf */,
				B56E1D342B46F5C400EFF481 /* baloo2_regular.ttf */,
				B56E1D352B46F5C400EFF481 /* baloo2_semibold.ttf */,
				B56E1D362B46F5C400EFF481 /* noto_regular.ttf */,
				B56E1D322B46F5C400EFF481 /* notos_extra.ttf */,
			);
			path = Fonts;
			sourceTree = "<group>";
		};
		B56E1D522B49534500EFF481 /* Home */ = {
			isa = PBXGroup;
			children = (
				B5D53E742BA4909800289ABD /* CustomSubViews */,
				B53EA5382B4E97FE00A1AAAF /* Categories */,
				B53EA5372B4E97E100A1AAAF /* Exercises */,
				B5D53E6F2BA3F10F00289ABD /* Courses */,
			);
			path = Home;
			sourceTree = "<group>";
		};
		B56E1D532B49534F00EFF481 /* Splash */ = {
			isa = PBXGroup;
			children = (
				B56E1D172B466FBB00EFF481 /* SplashView.swift */,
				B56E1D2E2B46EFD800EFF481 /* LogoView.swift */,
			);
			path = Splash;
			sourceTree = "<group>";
		};
		B5720EC42B7208E200B06183 /* Extensions */ = {
			isa = PBXGroup;
			children = (
				B5720EC52B7208F100B06183 /* Extensions.swift */,
			);
			path = Extensions;
			sourceTree = "<group>";
		};
		B5B1363E2BA014FA0013C293 /* CustomShapes */ = {
			isa = PBXGroup;
			children = (
				B53EA54D2B4FF47500A1AAAF /* DottedLineShape.swift */,
			);
			path = CustomShapes;
			sourceTree = "<group>";
		};
		B5B1363F2BA015080013C293 /* Modifiers */ = {
			isa = PBXGroup;
			children = (
				B56E1D482B47147E00EFF481 /* Modifiers.swift */,
			);
			path = Modifiers;
			sourceTree = "<group>";
		};
		B5B136402BA015120013C293 /* Managers */ = {
			isa = PBXGroup;
			children = (
				B5B136532BA2F7100013C293 /* Manager */,
				B559D2FE2B7387D4009F0A10 /* AudioPlayer.swift */,
			);
			path = Managers;
			sourceTree = "<group>";
		};
		B5B136412BA0428B0013C293 /* Constants */ = {
			isa = PBXGroup;
			children = (
				B56E1D302B46F02800EFF481 /* Constants.swift */,
				B56E1D402B46F65600EFF481 /* Colors.swift */,
				B56E1D422B46F79A00EFF481 /* Fonts.swift */,
				B5B136442BA0BE9B0013C293 /* Dimens.swift */,
			);
			path = Constants;
			sourceTree = "<group>";
		};
		B5B136532BA2F7100013C293 /* Manager */ = {
			isa = PBXGroup;
			children = (
				B5B136562BA2F77E0013C293 /* Table.swift */,
				B5B136582BA2FA650013C293 /* Keys.swift */,
			);
			path = Manager;
			sourceTree = "<group>";
		};
		B5D53E6F2BA3F10F00289ABD /* Courses */ = {
			isa = PBXGroup;
			children = (
				B55E8AA02B5181F9004DB0D1 /* Vocabulary */,
			);
			path = Courses;
			sourceTree = "<group>";
		};
		B5D53E722BA4903200289ABD /* CustomSubView */ = {
			isa = PBXGroup;
			children = (
				B53EA5292B4E637300A1AAAF /* PhoneticsListView.swift */,
				B50258AD2B52C2DF0031C3A1 /* PhoneticsSymbolView.swift */,
				B50258AF2B52C45C0031C3A1 /* PhoneticsExampleView.swift */,
				B5D53E702BA4856000289ABD /* PhoneticsExampleItemView.swift */,
			);
			path = CustomSubView;
			sourceTree = "<group>";
		};
		B5D53E732BA4907C00289ABD /* CustomSubView */ = {
			isa = PBXGroup;
			children = (
				B53EA51D2B4C58F300A1AAAF /* DifferentWordTextView.swift */,
				B5720EC22B72079D00B06183 /* DifferentWordsRowView.swift */,
			);
			path = CustomSubView;
			sourceTree = "<group>";
		};
		B5D53E742BA4909800289ABD /* CustomSubViews */ = {
			isa = PBXGroup;
			children = (
				B56E1D2C2B46C90C00EFF481 /* HomeView.swift */,
				B56E1D4C2B47B0CB00EFF481 /* CoursesView.swift */,
				B56E1D4E2B47D59400EFF481 /* HeaderView.swift */,
				B56E1D502B4840AC00EFF481 /* CategoriesView.swift */,
				B5B136462BA1537F0013C293 /* ExercisesView.swift */,
			);
			path = CustomSubViews;
			sourceTree = "<group>";
		};
		B5F784042B552A4700D07B45 /* Datas */ = {
			isa = PBXGroup;
			children = (
				B56E1D272B46C5F500EFF481 /* Animations */,
				B568797F2B58DE250039CDD0 /* test_lists.json */,
				B56879772B5786E10039CDD0 /* consonants_phonetics.json */,
				B56879782B5786E20039CDD0 /* diphthongs_phonetics.json */,
				B56879792B5786E20039CDD0 /* vowels_phonetics.json */,
			);
			path = Datas;
			sourceTree = "<group>";
		};
		D4DD10159345ACD1B2AC04A3 /* Frameworks */ = {
			isa = PBXGroup;
			children = (
				CF0E043BA2AD936F6CB43920 /* Pods_BritWord.framework */,
			);
			name = Frameworks;
			sourceTree = "<group>";
		};
/* End PBXGroup section */

/* Begin PBXNativeTarget section */
		B56E1D112B466FBB00EFF481 /* BritWord */ = {
			isa = PBXNativeTarget;
			buildConfigurationList = B56E1D202B466FBD00EFF481 /* Build configuration list for PBXNativeTarget "BritWord" */;
			buildPhases = (
				AC1B5E00C9C57A5813FF6217 /* [CP] Check Pods Manifest.lock */,
				B56E1D0E2B466FBB00EFF481 /* Sources */,
				B56E1D0F2B466FBB00EFF481 /* Frameworks */,
				B56E1D102B466FBB00EFF481 /* Resources */,
				B230A5AB474533CBB8C3A6A1 /* [CP] Embed Pods Frameworks */,
			);
			buildRules = (
			);
			dependencies = (
			);
			name = BritWord;
			packageProductDependencies = (
				B5B136492BA2C9770013C293 /* Auth */,
				B5B1364B2BA2C9770013C293 /* Functions */,
				B5B1364D2BA2C9770013C293 /* PostgREST */,
				B5B1364F2BA2C9770013C293 /* Realtime */,
				B5B136512BA2C9770013C293 /* Storage */,
				B5B1365A2BA2FE540013C293 /* Auth */,
				B5B1365C2BA2FE540013C293 /* Functions */,
				B5B1365E2BA2FE540013C293 /* PostgREST */,
				B5B136602BA2FE540013C293 /* Realtime */,
				B5B136622BA2FE540013C293 /* Storage */,
				B5D53E6D2BA2FFD000289ABD /* Supabase */,
			);
			productName = BritWord;
			productReference = B56E1D122B466FBB00EFF481 /* BritWord.app */;
			productType = "com.apple.product-type.application";
		};
/* End PBXNativeTarget section */

/* Begin PBXProject section */
		B56E1D0A2B466FBB00EFF481 /* Project object */ = {
			isa = PBXProject;
			attributes = {
				BuildIndependentTargetsInParallel = 1;
				LastSwiftUpdateCheck = 1510;
				LastUpgradeCheck = 1510;
				TargetAttributes = {
					B56E1D112B466FBB00EFF481 = {
						CreatedOnToolsVersion = 15.1;
					};
				};
			};
			buildConfigurationList = B56E1D0D2B466FBB00EFF481 /* Build configuration list for PBXProject "BritWord" */;
			compatibilityVersion = "Xcode 14.0";
			developmentRegion = en;
			hasScannedForEncodings = 0;
			knownRegions = (
				en,
				Base,
			);
			mainGroup = B56E1D092B466FBB00EFF481;
			packageReferences = (
				B5B136482BA2C9770013C293 /* XCRemoteSwiftPackageReference "supabase-swift" */,
			);
			productRefGroup = B56E1D132B466FBB00EFF481 /* Products */;
			projectDirPath = "";
			projectRoot = "";
			targets = (
				B56E1D112B466FBB00EFF481 /* BritWord */,
			);
		};
/* End PBXProject section */

/* Begin PBXResourcesBuildPhase section */
		B56E1D102B466FBB00EFF481 /* Resources */ = {
			isa = PBXResourcesBuildPhase;
			buildActionMask = 2147483647;
			files = (
				B56E1D392B46F5C400EFF481 /* baloo2_medium.ttf in Resources */,
				B55E8A9F2B518047004DB0D1 /* confetti_effect.json in Resources */,
				B55E8A9E2B518047004DB0D1 /* result_animation.json in Resources */,
				B56E1D1D2B466FBD00EFF481 /* Preview Assets.xcassets in Resources */,
				B56E1D382B46F5C400EFF481 /* notos_extra.ttf in Resources */,
				B56E1D1A2B466FBD00EFF481 /* Assets.xcassets in Resources */,
				B56E1D3B2B46F5C400EFF481 /* baloo2_semibold.ttf in Resources */,
				B568797C2B5786E20039CDD0 /* vowels_phonetics.json in Resources */,
				B56879802B58DE250039CDD0 /* test_lists.json in Resources */,
				B559D3012B7389AC009F0A10 /* GoogleService-Info.plist in Resources */,
				B56E1D3D2B46F5C400EFF481 /* baloo2_bold.ttf in Resources */,
				B568797B2B5786E20039CDD0 /* diphthongs_phonetics.json in Resources */,
				B56E1D3C2B46F5C400EFF481 /* noto_regular.ttf in Resources */,
				B568797A2B5786E20039CDD0 /* consonants_phonetics.json in Resources */,
				B56E1D3A2B46F5C400EFF481 /* baloo2_regular.ttf in Resources */,
				B56E1D292B46C5FE00EFF481 /* splashAnimation.json in Resources */,
			);
			runOnlyForDeploymentPostprocessing = 0;
		};
/* End PBXResourcesBuildPhase section */

/* Begin PBXShellScriptBuildPhase section */
		AC1B5E00C9C57A5813FF6217 /* [CP] Check Pods Manifest.lock */ = {
			isa = PBXShellScriptBuildPhase;
			buildActionMask = 2147483647;
			files = (
			);
			inputFileListPaths = (
			);
			inputPaths = (
				"${PODS_PODFILE_DIR_PATH}/Podfile.lock",
				"${PODS_ROOT}/Manifest.lock",
			);
			name = "[CP] Check Pods Manifest.lock";
			outputFileListPaths = (
			);
			outputPaths = (
				"$(DERIVED_FILE_DIR)/Pods-BritWord-checkManifestLockResult.txt",
			);
			runOnlyForDeploymentPostprocessing = 0;
			shellPath = /bin/sh;
			shellScript = "diff \"${PODS_PODFILE_DIR_PATH}/Podfile.lock\" \"${PODS_ROOT}/Manifest.lock\" > /dev/null\nif [ $? != 0 ] ; then\n    # print error to STDERR\n    echo \"error: The sandbox is not in sync with the Podfile.lock. Run 'pod install' or update your CocoaPods installation.\" >&2\n    exit 1\nfi\n# This output is used by Xcode 'outputs' to avoid re-running this script phase.\necho \"SUCCESS\" > \"${SCRIPT_OUTPUT_FILE_0}\"\n";
			showEnvVarsInLog = 0;
		};
		B230A5AB474533CBB8C3A6A1 /* [CP] Embed Pods Frameworks */ = {
			isa = PBXShellScriptBuildPhase;
			buildActionMask = 2147483647;
			files = (
			);
			inputFileListPaths = (
				"${PODS_ROOT}/Target Support Files/Pods-BritWord/Pods-BritWord-frameworks-${CONFIGURATION}-input-files.xcfilelist",
			);
			name = "[CP] Embed Pods Frameworks";
			outputFileListPaths = (
				"${PODS_ROOT}/Target Support Files/Pods-BritWord/Pods-BritWord-frameworks-${CONFIGURATION}-output-files.xcfilelist",
			);
			runOnlyForDeploymentPostprocessing = 0;
			shellPath = /bin/sh;
			shellScript = "\"${PODS_ROOT}/Target Support Files/Pods-BritWord/Pods-BritWord-frameworks.sh\"\n";
			showEnvVarsInLog = 0;
		};
/* End PBXShellScriptBuildPhase section */

/* Begin PBXSourcesBuildPhase section */
		B56E1D0E2B466FBB00EFF481 /* Sources */ = {
			isa = PBXSourcesBuildPhase;
			buildActionMask = 2147483647;
			files = (
				B56879822B58DE3E0039CDD0 /* TestListsModel.swift in Sources */,
				B56E1D432B46F79A00EFF481 /* Fonts.swift in Sources */,
				B53EA5332B4E8E9800A1AAAF /* ExerciseStartView.swift in Sources */,
				B53EA5202B4CFB9800A1AAAF /* HomeCoursesDestination.swift in Sources */,
				B53EA5442B4F971300A1AAAF /* ResultSheetView.swift in Sources */,
				B55E8A9B2B517747004DB0D1 /* ResultView.swift in Sources */,
				B5720EC62B7208F100B06183 /* Extensions.swift in Sources */,
				B5B136592BA2FA650013C293 /* Keys.swift in Sources */,
				B53EA5502B4FF7DF00A1AAAF /* ChapterItemView.swift in Sources */,
				B53EA5562B50EDC800A1AAAF /* IconTextFieldView.swift in Sources */,
				B56E1D4F2B47D59400EFF481 /* HeaderView.swift in Sources */,
				B50258AC2B52A7520031C3A1 /* PhoneticsDetailView.swift in Sources */,
				B53EA5522B50259600A1AAAF /* LearnVocabularyView.swift in Sources */,
				B56E1D492B47147E00EFF481 /* Modifiers.swift in Sources */,
				B55E8AA42B518477004DB0D1 /* WordsPhoneticsView.swift in Sources */,
				B53EA5272B4E48D500A1AAAF /* PhoneticsView.swift in Sources */,
				B53EA51E2B4C58F300A1AAAF /* DifferentWordTextView.swift in Sources */,
				B56E1D2F2B46EFD800EFF481 /* LogoView.swift in Sources */,
				B5D53E712BA4856000289ABD /* PhoneticsExampleItemView.swift in Sources */,
				B5B009CA2B73C5AE004A30FA /* DifferentWordsViewModel.swift in Sources */,
				B50258AE2B52C2DF0031C3A1 /* PhoneticsSymbolView.swift in Sources */,
				B559D2FF2B7387D4009F0A10 /* AudioPlayer.swift in Sources */,
				B5B136572BA2F77E0013C293 /* Table.swift in Sources */,
				B56E1D182B466FBB00EFF481 /* SplashView.swift in Sources */,
				B5B136472BA1537F0013C293 /* ExercisesView.swift in Sources */,
				B56E1D2D2B46C90C00EFF481 /* HomeView.swift in Sources */,
				B50258B02B52C45C0031C3A1 /* PhoneticsExampleView.swift in Sources */,
				B53EA5462B4F994100A1AAAF /* ButtonView.swift in Sources */,
				B5F783FF2B5526EC00D07B45 /* DifferentWordsModel.swift in Sources */,
				B5F783F92B5416C900D07B45 /* FillTheBlankView.swift in Sources */,
				B5F8B29A2B553E8500A8BF48 /* StoryListModel.swift in Sources */,
				B5B136452BA0BE9B0013C293 /* Dimens.swift in Sources */,
				B53EA51A2B4C34A100A1AAAF /* DifferentWordsView.swift in Sources */,
				B53EA51C2B4C38AA00A1AAAF /* NavigationHeaderView.swift in Sources */,
				B56E1D412B46F65600EFF481 /* Colors.swift in Sources */,
				B56E1D162B466FBB00EFF481 /* BritWordApp.swift in Sources */,
				B53EA54A2B4FE8DC00A1AAAF /* LevelSheetView.swift in Sources */,
				B56E1D2B2B46C63D00EFF481 /* LottieView.swift in Sources */,
				B56E1D312B46F02800EFF481 /* Constants.swift in Sources */,
				B53EA52D2B4E676A00A1AAAF /* TestStartView.swift in Sources */,
				B568797E2B5786F70039CDD0 /* PhoneticsModel.swift in Sources */,
				B56E1D512B4840AC00EFF481 /* CategoriesView.swift in Sources */,
				B53EA53C2B4EA7CE00A1AAAF /* LearningProgressView.swift in Sources */,
				B50258AA2B52A3930031C3A1 /* SimpleNavigationHeaderView.swift in Sources */,
				B53EA5482B4FE60D00A1AAAF /* ChapterListView.swift in Sources */,
				B53EA54E2B4FF47500A1AAAF /* DottedLineShape.swift in Sources */,
				B559D3032B739064009F0A10 /* RemoteImageView.swift in Sources */,
				B5D53E762BA6C1DF00289ABD /* TestViewModel.swift in Sources */,
				B5F783FD2B5526CC00D07B45 /* CodableBundleExtension.swift in Sources */,
				B53EA52A2B4E637300A1AAAF /* PhoneticsListView.swift in Sources */,
				B5F783FB2B5443F800D07B45 /* SoundPlayerView.swift in Sources */,
				B53EA54C2B4FE91100A1AAAF /* BorderButtonView.swift in Sources */,
				B53EA5542B50E7E300A1AAAF /* LoginView.swift in Sources */,
				B56E1D4D2B47B0CB00EFF481 /* CoursesView.swift in Sources */,
				B5720EC32B72079D00B06183 /* DifferentWordsRowView.swift in Sources */,
			);
			runOnlyForDeploymentPostprocessing = 0;
		};
/* End PBXSourcesBuildPhase section */

/* Begin XCBuildConfiguration section */
		B56E1D1E2B466FBD00EFF481 /* Debug */ = {
			isa = XCBuildConfiguration;
			buildSettings = {
				ALWAYS_SEARCH_USER_PATHS = NO;
				ASSETCATALOG_COMPILER_GENERATE_SWIFT_ASSET_SYMBOL_EXTENSIONS = YES;
				CLANG_ANALYZER_NONNULL = YES;
				CLANG_ANALYZER_NUMBER_OBJECT_CONVERSION = YES_AGGRESSIVE;
				CLANG_CXX_LANGUAGE_STANDARD = "gnu++20";
				CLANG_ENABLE_MODULES = YES;
				CLANG_ENABLE_OBJC_ARC = YES;
				CLANG_ENABLE_OBJC_WEAK = YES;
				CLANG_WARN_BLOCK_CAPTURE_AUTORELEASING = YES;
				CLANG_WARN_BOOL_CONVERSION = YES;
				CLANG_WARN_COMMA = YES;
				CLANG_WARN_CONSTANT_CONVERSION = YES;
				CLANG_WARN_DEPRECATED_OBJC_IMPLEMENTATIONS = YES;
				CLANG_WARN_DIRECT_OBJC_ISA_USAGE = YES_ERROR;
				CLANG_WARN_DOCUMENTATION_COMMENTS = YES;
				CLANG_WARN_EMPTY_BODY = YES;
				CLANG_WARN_ENUM_CONVERSION = YES;
				CLANG_WARN_INFINITE_RECURSION = YES;
				CLANG_WARN_INT_CONVERSION = YES;
				CLANG_WARN_NON_LITERAL_NULL_CONVERSION = YES;
				CLANG_WARN_OBJC_IMPLICIT_RETAIN_SELF = YES;
				CLANG_WARN_OBJC_LITERAL_CONVERSION = YES;
				CLANG_WARN_OBJC_ROOT_CLASS = YES_ERROR;
				CLANG_WARN_QUOTED_INCLUDE_IN_FRAMEWORK_HEADER = YES;
				CLANG_WARN_RANGE_LOOP_ANALYSIS = YES;
				CLANG_WARN_STRICT_PROTOTYPES = YES;
				CLANG_WARN_SUSPICIOUS_MOVE = YES;
				CLANG_WARN_UNGUARDED_AVAILABILITY = YES_AGGRESSIVE;
				CLANG_WARN_UNREACHABLE_CODE = YES;
				CLANG_WARN__DUPLICATE_METHOD_MATCH = YES;
				COPY_PHASE_STRIP = NO;
				DEBUG_INFORMATION_FORMAT = dwarf;
				ENABLE_STRICT_OBJC_MSGSEND = YES;
				ENABLE_TESTABILITY = YES;
				ENABLE_USER_SCRIPT_SANDBOXING = NO;
				GCC_C_LANGUAGE_STANDARD = gnu17;
				GCC_DYNAMIC_NO_PIC = NO;
				GCC_NO_COMMON_BLOCKS = YES;
				GCC_OPTIMIZATION_LEVEL = 0;
				GCC_PREPROCESSOR_DEFINITIONS = (
					"DEBUG=1",
					"$(inherited)",
				);
				GCC_WARN_64_TO_32_BIT_CONVERSION = YES;
				GCC_WARN_ABOUT_RETURN_TYPE = YES_ERROR;
				GCC_WARN_UNDECLARED_SELECTOR = YES;
				GCC_WARN_UNINITIALIZED_AUTOS = YES_AGGRESSIVE;
				GCC_WARN_UNUSED_FUNCTION = YES;
				GCC_WARN_UNUSED_VARIABLE = YES;
				IPHONEOS_DEPLOYMENT_TARGET = 16.0;
				LOCALIZATION_PREFERS_STRING_CATALOGS = YES;
				MTL_ENABLE_DEBUG_INFO = INCLUDE_SOURCE;
				MTL_FAST_MATH = YES;
				ONLY_ACTIVE_ARCH = YES;
				SDKROOT = iphoneos;
				SWIFT_ACTIVE_COMPILATION_CONDITIONS = "DEBUG $(inherited)";
				SWIFT_OPTIMIZATION_LEVEL = "-Onone";
			};
			name = Debug;
		};
		B56E1D1F2B466FBD00EFF481 /* Release */ = {
			isa = XCBuildConfiguration;
			buildSettings = {
				ALWAYS_SEARCH_USER_PATHS = NO;
				ASSETCATALOG_COMPILER_GENERATE_SWIFT_ASSET_SYMBOL_EXTENSIONS = YES;
				CLANG_ANALYZER_NONNULL = YES;
				CLANG_ANALYZER_NUMBER_OBJECT_CONVERSION = YES_AGGRESSIVE;
				CLANG_CXX_LANGUAGE_STANDARD = "gnu++20";
				CLANG_ENABLE_MODULES = YES;
				CLANG_ENABLE_OBJC_ARC = YES;
				CLANG_ENABLE_OBJC_WEAK = YES;
				CLANG_WARN_BLOCK_CAPTURE_AUTORELEASING = YES;
				CLANG_WARN_BOOL_CONVERSION = YES;
				CLANG_WARN_COMMA = YES;
				CLANG_WARN_CONSTANT_CONVERSION = YES;
				CLANG_WARN_DEPRECATED_OBJC_IMPLEMENTATIONS = YES;
				CLANG_WARN_DIRECT_OBJC_ISA_USAGE = YES_ERROR;
				CLANG_WARN_DOCUMENTATION_COMMENTS = YES;
				CLANG_WARN_EMPTY_BODY = YES;
				CLANG_WARN_ENUM_CONVERSION = YES;
				CLANG_WARN_INFINITE_RECURSION = YES;
				CLANG_WARN_INT_CONVERSION = YES;
				CLANG_WARN_NON_LITERAL_NULL_CONVERSION = YES;
				CLANG_WARN_OBJC_IMPLICIT_RETAIN_SELF = YES;
				CLANG_WARN_OBJC_LITERAL_CONVERSION = YES;
				CLANG_WARN_OBJC_ROOT_CLASS = YES_ERROR;
				CLANG_WARN_QUOTED_INCLUDE_IN_FRAMEWORK_HEADER = YES;
				CLANG_WARN_RANGE_LOOP_ANALYSIS = YES;
				CLANG_WARN_STRICT_PROTOTYPES = YES;
				CLANG_WARN_SUSPICIOUS_MOVE = YES;
				CLANG_WARN_UNGUARDED_AVAILABILITY = YES_AGGRESSIVE;
				CLANG_WARN_UNREACHABLE_CODE = YES;
				CLANG_WARN__DUPLICATE_METHOD_MATCH = YES;
				COPY_PHASE_STRIP = NO;
				DEBUG_INFORMATION_FORMAT = "dwarf-with-dsym";
				ENABLE_NS_ASSERTIONS = NO;
				ENABLE_STRICT_OBJC_MSGSEND = YES;
				ENABLE_USER_SCRIPT_SANDBOXING = NO;
				GCC_C_LANGUAGE_STANDARD = gnu17;
				GCC_NO_COMMON_BLOCKS = YES;
				GCC_WARN_64_TO_32_BIT_CONVERSION = YES;
				GCC_WARN_ABOUT_RETURN_TYPE = YES_ERROR;
				GCC_WARN_UNDECLARED_SELECTOR = YES;
				GCC_WARN_UNINITIALIZED_AUTOS = YES_AGGRESSIVE;
				GCC_WARN_UNUSED_FUNCTION = YES;
				GCC_WARN_UNUSED_VARIABLE = YES;
				IPHONEOS_DEPLOYMENT_TARGET = 16.0;
				LOCALIZATION_PREFERS_STRING_CATALOGS = YES;
				MTL_ENABLE_DEBUG_INFO = NO;
				MTL_FAST_MATH = YES;
				SDKROOT = iphoneos;
				SWIFT_COMPILATION_MODE = wholemodule;
				VALIDATE_PRODUCT = YES;
			};
			name = Release;
		};
		B56E1D212B466FBD00EFF481 /* Debug */ = {
			isa = XCBuildConfiguration;
			baseConfigurationReference = 015C2FE97783EA357F6E4C45 /* Pods-BritWord.debug.xcconfig */;
			buildSettings = {
				ASSETCATALOG_COMPILER_APPICON_NAME = AppIcon;
				ASSETCATALOG_COMPILER_GLOBAL_ACCENT_COLOR_NAME = AccentColor;
				CODE_SIGN_STYLE = Automatic;
				CURRENT_PROJECT_VERSION = 1;
				DEVELOPMENT_ASSET_PATHS = "\"BritWord/Preview Content\"";
				DEVELOPMENT_TEAM = 2RBYXPYV8Y;
				ENABLE_PREVIEWS = YES;
				GENERATE_INFOPLIST_FILE = YES;
				INFOPLIST_FILE = BritWord/Info.plist;
				INFOPLIST_KEY_UIApplicationSceneManifest_Generation = YES;
				INFOPLIST_KEY_UIApplicationSupportsIndirectInputEvents = YES;
				INFOPLIST_KEY_UILaunchScreen_Generation = YES;
				INFOPLIST_KEY_UISupportedInterfaceOrientations_iPad = "UIInterfaceOrientationPortrait UIInterfaceOrientationPortraitUpsideDown UIInterfaceOrientationLandscapeLeft UIInterfaceOrientationLandscapeRight";
				INFOPLIST_KEY_UISupportedInterfaceOrientations_iPhone = "UIInterfaceOrientationPortrait UIInterfaceOrientationLandscapeLeft UIInterfaceOrientationLandscapeRight";
				LD_RUNPATH_SEARCH_PATHS = (
					"$(inherited)",
					"@executable_path/Frameworks",
				);
				MARKETING_VERSION = 1.0;
				PRODUCT_BUNDLE_IDENTIFIER = com.thekodex.BritWord;
				PRODUCT_NAME = "$(TARGET_NAME)";
				SWIFT_EMIT_LOC_STRINGS = YES;
				SWIFT_VERSION = 5.0;
				TARGETED_DEVICE_FAMILY = "1,2";
			};
			name = Debug;
		};
		B56E1D222B466FBD00EFF481 /* Release */ = {
			isa = XCBuildConfiguration;
			baseConfigurationReference = 06F15661BCD62B74D63058B4 /* Pods-BritWord.release.xcconfig */;
			buildSettings = {
				ASSETCATALOG_COMPILER_APPICON_NAME = AppIcon;
				ASSETCATALOG_COMPILER_GLOBAL_ACCENT_COLOR_NAME = AccentColor;
				CODE_SIGN_STYLE = Automatic;
				CURRENT_PROJECT_VERSION = 1;
				DEVELOPMENT_ASSET_PATHS = "\"BritWord/Preview Content\"";
				DEVELOPMENT_TEAM = 2RBYXPYV8Y;
				ENABLE_PREVIEWS = YES;
				GENERATE_INFOPLIST_FILE = YES;
				INFOPLIST_FILE = BritWord/Info.plist;
				INFOPLIST_KEY_UIApplicationSceneManifest_Generation = YES;
				INFOPLIST_KEY_UIApplicationSupportsIndirectInputEvents = YES;
				INFOPLIST_KEY_UILaunchScreen_Generation = YES;
				INFOPLIST_KEY_UISupportedInterfaceOrientations_iPad = "UIInterfaceOrientationPortrait UIInterfaceOrientationPortraitUpsideDown UIInterfaceOrientationLandscapeLeft UIInterfaceOrientationLandscapeRight";
				INFOPLIST_KEY_UISupportedInterfaceOrientations_iPhone = "UIInterfaceOrientationPortrait UIInterfaceOrientationLandscapeLeft UIInterfaceOrientationLandscapeRight";
				LD_RUNPATH_SEARCH_PATHS = (
					"$(inherited)",
					"@executable_path/Frameworks",
				);
				MARKETING_VERSION = 1.0;
				PRODUCT_BUNDLE_IDENTIFIER = com.thekodex.BritWord;
				PRODUCT_NAME = "$(TARGET_NAME)";
				SWIFT_EMIT_LOC_STRINGS = YES;
				SWIFT_VERSION = 5.0;
				TARGETED_DEVICE_FAMILY = "1,2";
			};
			name = Release;
		};
/* End XCBuildConfiguration section */

/* Begin XCConfigurationList section */
		B56E1D0D2B466FBB00EFF481 /* Build configuration list for PBXProject "BritWord" */ = {
			isa = XCConfigurationList;
			buildConfigurations = (
				B56E1D1E2B466FBD00EFF481 /* Debug */,
				B56E1D1F2B466FBD00EFF481 /* Release */,
			);
			defaultConfigurationIsVisible = 0;
			defaultConfigurationName = Release;
		};
		B56E1D202B466FBD00EFF481 /* Build configuration list for PBXNativeTarget "BritWord" */ = {
			isa = XCConfigurationList;
			buildConfigurations = (
				B56E1D212B466FBD00EFF481 /* Debug */,
				B56E1D222B466FBD00EFF481 /* Release */,
			);
			defaultConfigurationIsVisible = 0;
			defaultConfigurationName = Release;
		};
/* End XCConfigurationList section */

/* Begin XCRemoteSwiftPackageReference section */
		B5B136482BA2C9770013C293 /* XCRemoteSwiftPackageReference "supabase-swift" */ = {
			isa = XCRemoteSwiftPackageReference;
			repositoryURL = "https://github.com/supabase-community/supabase-swift.git";
			requirement = {
				kind = upToNextMajorVersion;
				minimumVersion = 2.4.0;
			};
		};
/* End XCRemoteSwiftPackageReference section */

/* Begin XCSwiftPackageProductDependency section */
		B5B136492BA2C9770013C293 /* Auth */ = {
			isa = XCSwiftPackageProductDependency;
			package = B5B136482BA2C9770013C293 /* XCRemoteSwiftPackageReference "supabase-swift" */;
			productName = Auth;
		};
		B5B1364B2BA2C9770013C293 /* Functions */ = {
			isa = XCSwiftPackageProductDependency;
			package = B5B136482BA2C9770013C293 /* XCRemoteSwiftPackageReference "supabase-swift" */;
			productName = Functions;
		};
		B5B1364D2BA2C9770013C293 /* PostgREST */ = {
			isa = XCSwiftPackageProductDependency;
			package = B5B136482BA2C9770013C293 /* XCRemoteSwiftPackageReference "supabase-swift" */;
			productName = PostgREST;
		};
		B5B1364F2BA2C9770013C293 /* Realtime */ = {
			isa = XCSwiftPackageProductDependency;
			package = B5B136482BA2C9770013C293 /* XCRemoteSwiftPackageReference "supabase-swift" */;
			productName = Realtime;
		};
		B5B136512BA2C9770013C293 /* Storage */ = {
			isa = XCSwiftPackageProductDependency;
			package = B5B136482BA2C9770013C293 /* XCRemoteSwiftPackageReference "supabase-swift" */;
			productName = Storage;
		};
		B5B1365A2BA2FE540013C293 /* Auth */ = {
			isa = XCSwiftPackageProductDependency;
			package = B5B136482BA2C9770013C293 /* XCRemoteSwiftPackageReference "supabase-swift" */;
			productName = Auth;
		};
		B5B1365C2BA2FE540013C293 /* Functions */ = {
			isa = XCSwiftPackageProductDependency;
			package = B5B136482BA2C9770013C293 /* XCRemoteSwiftPackageReference "supabase-swift" */;
			productName = Functions;
		};
		B5B1365E2BA2FE540013C293 /* PostgREST */ = {
			isa = XCSwiftPackageProductDependency;
			package = B5B136482BA2C9770013C293 /* XCRemoteSwiftPackageReference "supabase-swift" */;
			productName = PostgREST;
		};
		B5B136602BA2FE540013C293 /* Realtime */ = {
			isa = XCSwiftPackageProductDependency;
			package = B5B136482BA2C9770013C293 /* XCRemoteSwiftPackageReference "supabase-swift" */;
			productName = Realtime;
		};
		B5B136622BA2FE540013C293 /* Storage */ = {
			isa = XCSwiftPackageProductDependency;
			package = B5B136482BA2C9770013C293 /* XCRemoteSwiftPackageReference "supabase-swift" */;
			productName = Storage;
		};
		B5D53E6D2BA2FFD000289ABD /* Supabase */ = {
			isa = XCSwiftPackageProductDependency;
			package = B5B136482BA2C9770013C293 /* XCRemoteSwiftPackageReference "supabase-swift" */;
			productName = Supabase;
		};
/* End XCSwiftPackageProductDependency section */
	};
	rootObject = B56E1D0A2B466FBB00EFF481 /* Project object */;
}
