// !$*UTF8*$!
{
	archiveVersion = 1;
	classes = {
	};
	objectVersion = 56;
	objects = {

/* Begin PBXBuildFile section */
		2108868F5099B7354524BD1C /* Pods_BritWord.framework in Frameworks */ = {isa = PBXBuildFile; fileRef = CF0E043BA2AD936F6CB43920 /* Pods_BritWord.framework */; };
		B50258AA2B52A3930031C3A1 /* SimpleNavigationHeaderView.swift in Sources */ = {isa = PBXBuildFile; fileRef = B50258A92B52A3930031C3A1 /* SimpleNavigationHeaderView.swift */; };
		B514542A2BC2A63E0032CEB4 /* TimeFormat.swift in Sources */ = {isa = PBXBuildFile; fileRef = B51454292BC2A63E0032CEB4 /* TimeFormat.swift */; };
		B53EA51A2B4C34A100A1AAAF /* DifferentWordsView.swift in Sources */ = {isa = PBXBuildFile; fileRef = B53EA5192B4C34A100A1AAAF /* DifferentWordsView.swift */; };
		B53EA51C2B4C38AA00A1AAAF /* NavigationHeaderView.swift in Sources */ = {isa = PBXBuildFile; fileRef = B53EA51B2B4C38AA00A1AAAF /* NavigationHeaderView.swift */; };
		B53EA51E2B4C58F300A1AAAF /* DifferentWordTextView.swift in Sources */ = {isa = PBXBuildFile; fileRef = B53EA51D2B4C58F300A1AAAF /* DifferentWordTextView.swift */; };
		B53EA5202B4CFB9800A1AAAF /* HomeCoursesDestination.swift in Sources */ = {isa = PBXBuildFile; fileRef = B53EA51F2B4CFB9800A1AAAF /* HomeCoursesDestination.swift */; };
		B53EA5462B4F994100A1AAAF /* ButtonView.swift in Sources */ = {isa = PBXBuildFile; fileRef = B53EA5452B4F994100A1AAAF /* ButtonView.swift */; };
		B53EA5482B4FE60D00A1AAAF /* TrackListView.swift in Sources */ = {isa = PBXBuildFile; fileRef = B53EA5472B4FE60D00A1AAAF /* TrackListView.swift */; };
		B53EA54C2B4FE91100A1AAAF /* BorderButtonView.swift in Sources */ = {isa = PBXBuildFile; fileRef = B53EA54B2B4FE91100A1AAAF /* BorderButtonView.swift */; };
		B53EA54E2B4FF47500A1AAAF /* DottedLineShape.swift in Sources */ = {isa = PBXBuildFile; fileRef = B53EA54D2B4FF47500A1AAAF /* DottedLineShape.swift */; };
		B53EA5502B4FF7DF00A1AAAF /* TrackItemView.swift in Sources */ = {isa = PBXBuildFile; fileRef = B53EA54F2B4FF7DF00A1AAAF /* TrackItemView.swift */; };
		B53EA5562B50EDC800A1AAAF /* IconTextFieldView.swift in Sources */ = {isa = PBXBuildFile; fileRef = B53EA5552B50EDC800A1AAAF /* IconTextFieldView.swift */; };
		B53EF5102C0E023B0017A4D5 /* PodcastsModel.swift in Sources */ = {isa = PBXBuildFile; fileRef = B53EF50F2C0E023B0017A4D5 /* PodcastsModel.swift */; };
		B53EF5122C0E025F0017A4D5 /* SupabaseService.swift in Sources */ = {isa = PBXBuildFile; fileRef = B53EF5112C0E025F0017A4D5 /* SupabaseService.swift */; };
		B53EF5142C0E08C50017A4D5 /* DIContainer.swift in Sources */ = {isa = PBXBuildFile; fileRef = B53EF5132C0E08C50017A4D5 /* DIContainer.swift */; };
		B54F92352BFDD0EA00B53465 /* UINavigationController + Extension.swift in Sources */ = {isa = PBXBuildFile; fileRef = B54F92342BFDD0EA00B53465 /* UINavigationController + Extension.swift */; };
		B54F92372BFDD8EE00B53465 /* NavigationBarModifier.swift in Sources */ = {isa = PBXBuildFile; fileRef = B54F92362BFDD8EE00B53465 /* NavigationBarModifier.swift */; };
		B54F92392BFDFCBB00B53465 /* DailyStreakView.swift in Sources */ = {isa = PBXBuildFile; fileRef = B54F92382BFDFCBB00B53465 /* DailyStreakView.swift */; };
		B559D2FF2B7387D4009F0A10 /* AudioPlayer.swift in Sources */ = {isa = PBXBuildFile; fileRef = B559D2FE2B7387D4009F0A10 /* AudioPlayer.swift */; };
		B559D3012B7389AC009F0A10 /* GoogleService-Info.plist in Resources */ = {isa = PBXBuildFile; fileRef = B559D3002B7389AC009F0A10 /* GoogleService-Info.plist */; };
		B559D3032B739064009F0A10 /* RemoteImageView.swift in Sources */ = {isa = PBXBuildFile; fileRef = B559D3022B739064009F0A10 /* RemoteImageView.swift */; };
		B55E8A9F2B518047004DB0D1 /* confetti_effect.json in Resources */ = {isa = PBXBuildFile; fileRef = B55E8A9D2B518047004DB0D1 /* confetti_effect.json */; };
		B568797A2B5786E20039CDD0 /* consonants_phonetics.json in Resources */ = {isa = PBXBuildFile; fileRef = B56879772B5786E10039CDD0 /* consonants_phonetics.json */; };
		B568797B2B5786E20039CDD0 /* diphthongs_phonetics.json in Resources */ = {isa = PBXBuildFile; fileRef = B56879782B5786E20039CDD0 /* diphthongs_phonetics.json */; };
		B568797C2B5786E20039CDD0 /* vowels_phonetics.json in Resources */ = {isa = PBXBuildFile; fileRef = B56879792B5786E20039CDD0 /* vowels_phonetics.json */; };
		B568797E2B5786F70039CDD0 /* PhoneticsModel.swift in Sources */ = {isa = PBXBuildFile; fileRef = B568797D2B5786F70039CDD0 /* PhoneticsModel.swift */; };
		B56879802B58DE250039CDD0 /* test_lists.json in Resources */ = {isa = PBXBuildFile; fileRef = B568797F2B58DE250039CDD0 /* test_lists.json */; };
		B56E1D162B466FBB00EFF481 /* BritWordApp.swift in Sources */ = {isa = PBXBuildFile; fileRef = B56E1D152B466FBB00EFF481 /* BritWordApp.swift */; };
		B56E1D182B466FBB00EFF481 /* SplashView.swift in Sources */ = {isa = PBXBuildFile; fileRef = B56E1D172B466FBB00EFF481 /* SplashView.swift */; };
		B56E1D1A2B466FBD00EFF481 /* Assets.xcassets in Resources */ = {isa = PBXBuildFile; fileRef = B56E1D192B466FBD00EFF481 /* Assets.xcassets */; };
		B56E1D1D2B466FBD00EFF481 /* Preview Assets.xcassets in Resources */ = {isa = PBXBuildFile; fileRef = B56E1D1C2B466FBD00EFF481 /* Preview Assets.xcassets */; };
		B56E1D2D2B46C90C00EFF481 /* HomeView.swift in Sources */ = {isa = PBXBuildFile; fileRef = B56E1D2C2B46C90C00EFF481 /* HomeView.swift */; };
		B56E1D2F2B46EFD800EFF481 /* LogoView.swift in Sources */ = {isa = PBXBuildFile; fileRef = B56E1D2E2B46EFD800EFF481 /* LogoView.swift */; };
		B56E1D312B46F02800EFF481 /* Constants.swift in Sources */ = {isa = PBXBuildFile; fileRef = B56E1D302B46F02800EFF481 /* Constants.swift */; };
		B56E1D382B46F5C400EFF481 /* notos_extra.ttf in Resources */ = {isa = PBXBuildFile; fileRef = B56E1D322B46F5C400EFF481 /* notos_extra.ttf */; };
		B56E1D3C2B46F5C400EFF481 /* noto_regular.ttf in Resources */ = {isa = PBXBuildFile; fileRef = B56E1D362B46F5C400EFF481 /* noto_regular.ttf */; };
		B56E1D412B46F65600EFF481 /* Colors.swift in Sources */ = {isa = PBXBuildFile; fileRef = B56E1D402B46F65600EFF481 /* Colors.swift */; };
		B56E1D432B46F79A00EFF481 /* Fonts.swift in Sources */ = {isa = PBXBuildFile; fileRef = B56E1D422B46F79A00EFF481 /* Fonts.swift */; };
		B56E1D492B47147E00EFF481 /* Modifiers.swift in Sources */ = {isa = PBXBuildFile; fileRef = B56E1D482B47147E00EFF481 /* Modifiers.swift */; };
		B56E1D4F2B47D59400EFF481 /* HeaderView.swift in Sources */ = {isa = PBXBuildFile; fileRef = B56E1D4E2B47D59400EFF481 /* HeaderView.swift */; };
		B56E1D512B4840AC00EFF481 /* CategoriesView.swift in Sources */ = {isa = PBXBuildFile; fileRef = B56E1D502B4840AC00EFF481 /* CategoriesView.swift */; };
		B5720EC32B72079D00B06183 /* DifferentWordsRowView.swift in Sources */ = {isa = PBXBuildFile; fileRef = B5720EC22B72079D00B06183 /* DifferentWordsRowView.swift */; };
		B5720EC62B7208F100B06183 /* Extensions.swift in Sources */ = {isa = PBXBuildFile; fileRef = B5720EC52B7208F100B06183 /* Extensions.swift */; };
		B576FF582C155D9400A7BD99 /* loading.json in Resources */ = {isa = PBXBuildFile; fileRef = B576FF572C155D9400A7BD99 /* loading.json */; };
		B576FF642C15A3EF00A7BD99 /* Poppins-SemiBold.ttf in Resources */ = {isa = PBXBuildFile; fileRef = B576FF632C15A3EF00A7BD99 /* Poppins-SemiBold.ttf */; };
		B576FF6C2C15A4ED00A7BD99 /* Poppins-Bold.ttf in Resources */ = {isa = PBXBuildFile; fileRef = B576FF652C15A4EC00A7BD99 /* Poppins-Bold.ttf */; };
		B576FF6D2C15A4ED00A7BD99 /* Poppins-ExtraLight.ttf in Resources */ = {isa = PBXBuildFile; fileRef = B576FF662C15A4EC00A7BD99 /* Poppins-ExtraLight.ttf */; };
		B576FF6E2C15A4ED00A7BD99 /* Poppins-ExtraBold.ttf in Resources */ = {isa = PBXBuildFile; fileRef = B576FF672C15A4ED00A7BD99 /* Poppins-ExtraBold.ttf */; };
		B576FF6F2C15A4ED00A7BD99 /* Poppins-Regular.ttf in Resources */ = {isa = PBXBuildFile; fileRef = B576FF682C15A4ED00A7BD99 /* Poppins-Regular.ttf */; };
		B576FF702C15A4ED00A7BD99 /* Poppins-Black.ttf in Resources */ = {isa = PBXBuildFile; fileRef = B576FF692C15A4ED00A7BD99 /* Poppins-Black.ttf */; };
		B576FF712C15A4ED00A7BD99 /* Poppins-Light.ttf in Resources */ = {isa = PBXBuildFile; fileRef = B576FF6A2C15A4ED00A7BD99 /* Poppins-Light.ttf */; };
		B576FF722C15A4ED00A7BD99 /* Poppins-Medium.ttf in Resources */ = {isa = PBXBuildFile; fileRef = B576FF6B2C15A4ED00A7BD99 /* Poppins-Medium.ttf */; };
		B5896BC92C2EFA2C007723FE /* BritWordTests.swift in Sources */ = {isa = PBXBuildFile; fileRef = B5896BC82C2EFA2C007723FE /* BritWordTests.swift */; };
		B5926D032BFF7C5D000EA946 /* Auth in Frameworks */ = {isa = PBXBuildFile; productRef = B5926D022BFF7C5D000EA946 /* Auth */; };
		B5926D052BFF7C5D000EA946 /* Functions in Frameworks */ = {isa = PBXBuildFile; productRef = B5926D042BFF7C5D000EA946 /* Functions */; };
		B5926D072BFF7C5D000EA946 /* PostgREST in Frameworks */ = {isa = PBXBuildFile; productRef = B5926D062BFF7C5D000EA946 /* PostgREST */; };
		B5926D092BFF7C5D000EA946 /* Realtime in Frameworks */ = {isa = PBXBuildFile; productRef = B5926D082BFF7C5D000EA946 /* Realtime */; };
		B5926D0B2BFF7C5D000EA946 /* Storage in Frameworks */ = {isa = PBXBuildFile; productRef = B5926D0A2BFF7C5D000EA946 /* Storage */; };
		B5926D0D2BFF7CA6000EA946 /* Supabase in Frameworks */ = {isa = PBXBuildFile; productRef = B5926D0C2BFF7CA6000EA946 /* Supabase */; };
		B5926D1A2C0076D1000EA946 /* NewReleasedView.swift in Sources */ = {isa = PBXBuildFile; fileRef = B5926D192C0076D1000EA946 /* NewReleasedView.swift */; };
		B5926D302C033F4B000EA946 /* ChartView.swift in Sources */ = {isa = PBXBuildFile; fileRef = B5926D2F2C033F4B000EA946 /* ChartView.swift */; };
		B5926D632C072BB0000EA946 /* dailyStreak.json in Resources */ = {isa = PBXBuildFile; fileRef = B5926D622C072BAF000EA946 /* dailyStreak.json */; };
		B5926D6D2C073FDE000EA946 /* Lottie in Frameworks */ = {isa = PBXBuildFile; productRef = B5926D6C2C073FDE000EA946 /* Lottie */; };
		B5926D722C0862A8000EA946 /* DailyStreakAlertView.swift in Sources */ = {isa = PBXBuildFile; fileRef = B5926D712C0862A8000EA946 /* DailyStreakAlertView.swift */; };
		B5926D742C0867FA000EA946 /* DailyStreakImageEffect.swift in Sources */ = {isa = PBXBuildFile; fileRef = B5926D732C0867F9000EA946 /* DailyStreakImageEffect.swift */; };
		B5926D762C0A052D000EA946 /* DailyStreakSettings.swift in Sources */ = {isa = PBXBuildFile; fileRef = B5926D752C0A052C000EA946 /* DailyStreakSettings.swift */; };
		B5978C9A2C19DCEA0087E0AF /* DateFormatter.swift in Sources */ = {isa = PBXBuildFile; fileRef = B5978C992C19DCEA0087E0AF /* DateFormatter.swift */; };
		B598280A2BB91F510057EB35 /* PodcastsViewModel.swift in Sources */ = {isa = PBXBuildFile; fileRef = B59828092BB91F500057EB35 /* PodcastsViewModel.swift */; };
		B598280C2BB920C10057EB35 /* beginner_vocabulary.json in Resources */ = {isa = PBXBuildFile; fileRef = B598280B2BB920C10057EB35 /* beginner_vocabulary.json */; };
		B598280E2BB97A730057EB35 /* HomeTitleView.swift in Sources */ = {isa = PBXBuildFile; fileRef = B598280D2BB97A730057EB35 /* HomeTitleView.swift */; };
		B59828102BB97E400057EB35 /* PlayerView.swift in Sources */ = {isa = PBXBuildFile; fileRef = B598280F2BB97E400057EB35 /* PlayerView.swift */; };
		B5B009CA2B73C5AE004A30FA /* DifferentWordsViewModel.swift in Sources */ = {isa = PBXBuildFile; fileRef = B5B009C92B73C5AE004A30FA /* DifferentWordsViewModel.swift */; };
		B5B136452BA0BE9B0013C293 /* Dimens.swift in Sources */ = {isa = PBXBuildFile; fileRef = B5B136442BA0BE9B0013C293 /* Dimens.swift */; };
		B5B136572BA2F77E0013C293 /* Table.swift in Sources */ = {isa = PBXBuildFile; fileRef = B5B136562BA2F77E0013C293 /* Table.swift */; };
		B5F783FB2B5443F800D07B45 /* SoundPlayerView.swift in Sources */ = {isa = PBXBuildFile; fileRef = B5F783FA2B5443F800D07B45 /* SoundPlayerView.swift */; };
		B5F783FD2B5526CC00D07B45 /* CodableBundleExtension.swift in Sources */ = {isa = PBXBuildFile; fileRef = B5F783FC2B5526CC00D07B45 /* CodableBundleExtension.swift */; };
		B5F783FF2B5526EC00D07B45 /* DifferentWordsModel.swift in Sources */ = {isa = PBXBuildFile; fileRef = B5F783FE2B5526EC00D07B45 /* DifferentWordsModel.swift */; };
		B5F8C4762BADF5F8004A1026 /* PhoneticsDetailView.swift in Sources */ = {isa = PBXBuildFile; fileRef = B5F8C4752BADF5F8004A1026 /* PhoneticsDetailView.swift */; };
		B5F8C4782BADF5FC004A1026 /* PhoneticsView.swift in Sources */ = {isa = PBXBuildFile; fileRef = B5F8C4772BADF5FC004A1026 /* PhoneticsView.swift */; };
		B5F8C47D2BADF614004A1026 /* PhoneticsSymbolView.swift in Sources */ = {isa = PBXBuildFile; fileRef = B5F8C4792BADF614004A1026 /* PhoneticsSymbolView.swift */; };
		B5F8C47E2BADF614004A1026 /* PhoneticsListView.swift in Sources */ = {isa = PBXBuildFile; fileRef = B5F8C47A2BADF614004A1026 /* PhoneticsListView.swift */; };
		B5F8C47F2BADF614004A1026 /* PhoneticsExampleItemView.swift in Sources */ = {isa = PBXBuildFile; fileRef = B5F8C47B2BADF614004A1026 /* PhoneticsExampleItemView.swift */; };
		B5F8C4802BADF614004A1026 /* PhoneticsExampleView.swift in Sources */ = {isa = PBXBuildFile; fileRef = B5F8C47C2BADF614004A1026 /* PhoneticsExampleView.swift */; };
/* End PBXBuildFile section */

/* Begin PBXContainerItemProxy section */
		B5896BCA2C2EFA2C007723FE /* PBXContainerItemProxy */ = {
			isa = PBXContainerItemProxy;
			containerPortal = B56E1D0A2B466FBB00EFF481 /* Project object */;
			proxyType = 1;
			remoteGlobalIDString = B56E1D112B466FBB00EFF481;
			remoteInfo = BritWord;
		};
/* End PBXContainerItemProxy section */

/* Begin PBXFileReference section */
		015C2FE97783EA357F6E4C45 /* Pods-BritWord.debug.xcconfig */ = {isa = PBXFileReference; includeInIndex = 1; lastKnownFileType = text.xcconfig; name = "Pods-BritWord.debug.xcconfig"; path = "Target Support Files/Pods-BritWord/Pods-BritWord.debug.xcconfig"; sourceTree = "<group>"; };
		06F15661BCD62B74D63058B4 /* Pods-BritWord.release.xcconfig */ = {isa = PBXFileReference; includeInIndex = 1; lastKnownFileType = text.xcconfig; name = "Pods-BritWord.release.xcconfig"; path = "Target Support Files/Pods-BritWord/Pods-BritWord.release.xcconfig"; sourceTree = "<group>"; };
		B50258A92B52A3930031C3A1 /* SimpleNavigationHeaderView.swift */ = {isa = PBXFileReference; lastKnownFileType = sourcecode.swift; path = SimpleNavigationHeaderView.swift; sourceTree = "<group>"; };
		B51454292BC2A63E0032CEB4 /* TimeFormat.swift */ = {isa = PBXFileReference; lastKnownFileType = sourcecode.swift; path = TimeFormat.swift; sourceTree = "<group>"; };
		B53EA5192B4C34A100A1AAAF /* DifferentWordsView.swift */ = {isa = PBXFileReference; lastKnownFileType = sourcecode.swift; path = DifferentWordsView.swift; sourceTree = "<group>"; };
		B53EA51B2B4C38AA00A1AAAF /* NavigationHeaderView.swift */ = {isa = PBXFileReference; lastKnownFileType = sourcecode.swift; path = NavigationHeaderView.swift; sourceTree = "<group>"; };
		B53EA51D2B4C58F300A1AAAF /* DifferentWordTextView.swift */ = {isa = PBXFileReference; lastKnownFileType = sourcecode.swift; path = DifferentWordTextView.swift; sourceTree = "<group>"; };
		B53EA51F2B4CFB9800A1AAAF /* HomeCoursesDestination.swift */ = {isa = PBXFileReference; lastKnownFileType = sourcecode.swift; path = HomeCoursesDestination.swift; sourceTree = "<group>"; };
		B53EA5452B4F994100A1AAAF /* ButtonView.swift */ = {isa = PBXFileReference; lastKnownFileType = sourcecode.swift; path = ButtonView.swift; sourceTree = "<group>"; };
		B53EA5472B4FE60D00A1AAAF /* TrackListView.swift */ = {isa = PBXFileReference; lastKnownFileType = sourcecode.swift; path = TrackListView.swift; sourceTree = "<group>"; };
		B53EA54B2B4FE91100A1AAAF /* BorderButtonView.swift */ = {isa = PBXFileReference; lastKnownFileType = sourcecode.swift; path = BorderButtonView.swift; sourceTree = "<group>"; };
		B53EA54D2B4FF47500A1AAAF /* DottedLineShape.swift */ = {isa = PBXFileReference; lastKnownFileType = sourcecode.swift; path = DottedLineShape.swift; sourceTree = "<group>"; };
		B53EA54F2B4FF7DF00A1AAAF /* TrackItemView.swift */ = {isa = PBXFileReference; lastKnownFileType = sourcecode.swift; path = TrackItemView.swift; sourceTree = "<group>"; };
		B53EA5552B50EDC800A1AAAF /* IconTextFieldView.swift */ = {isa = PBXFileReference; lastKnownFileType = sourcecode.swift; path = IconTextFieldView.swift; sourceTree = "<group>"; };
		B53EF50F2C0E023B0017A4D5 /* PodcastsModel.swift */ = {isa = PBXFileReference; lastKnownFileType = sourcecode.swift; path = PodcastsModel.swift; sourceTree = "<group>"; };
		B53EF5112C0E025F0017A4D5 /* SupabaseService.swift */ = {isa = PBXFileReference; lastKnownFileType = sourcecode.swift; path = SupabaseService.swift; sourceTree = "<group>"; };
		B53EF5132C0E08C50017A4D5 /* DIContainer.swift */ = {isa = PBXFileReference; lastKnownFileType = sourcecode.swift; path = DIContainer.swift; sourceTree = "<group>"; };
		B54F92342BFDD0EA00B53465 /* UINavigationController + Extension.swift */ = {isa = PBXFileReference; lastKnownFileType = sourcecode.swift; path = "UINavigationController + Extension.swift"; sourceTree = "<group>"; };
		B54F92362BFDD8EE00B53465 /* NavigationBarModifier.swift */ = {isa = PBXFileReference; lastKnownFileType = sourcecode.swift; path = NavigationBarModifier.swift; sourceTree = "<group>"; };
		B54F92382BFDFCBB00B53465 /* DailyStreakView.swift */ = {isa = PBXFileReference; lastKnownFileType = sourcecode.swift; path = DailyStreakView.swift; sourceTree = "<group>"; };
		B559D2FE2B7387D4009F0A10 /* AudioPlayer.swift */ = {isa = PBXFileReference; lastKnownFileType = sourcecode.swift; path = AudioPlayer.swift; sourceTree = "<group>"; };
		B559D3002B7389AC009F0A10 /* GoogleService-Info.plist */ = {isa = PBXFileReference; fileEncoding = 4; lastKnownFileType = text.plist.xml; path = "GoogleService-Info.plist"; sourceTree = "<group>"; };
		B559D3022B739064009F0A10 /* RemoteImageView.swift */ = {isa = PBXFileReference; lastKnownFileType = sourcecode.swift; path = RemoteImageView.swift; sourceTree = "<group>"; };
		B55E8A9D2B518047004DB0D1 /* confetti_effect.json */ = {isa = PBXFileReference; fileEncoding = 4; lastKnownFileType = text.json; path = confetti_effect.json; sourceTree = "<group>"; };
		B56879772B5786E10039CDD0 /* consonants_phonetics.json */ = {isa = PBXFileReference; fileEncoding = 4; lastKnownFileType = text.json; path = consonants_phonetics.json; sourceTree = "<group>"; };
		B56879782B5786E20039CDD0 /* diphthongs_phonetics.json */ = {isa = PBXFileReference; fileEncoding = 4; lastKnownFileType = text.json; path = diphthongs_phonetics.json; sourceTree = "<group>"; };
		B56879792B5786E20039CDD0 /* vowels_phonetics.json */ = {isa = PBXFileReference; fileEncoding = 4; lastKnownFileType = text.json; path = vowels_phonetics.json; sourceTree = "<group>"; };
		B568797D2B5786F70039CDD0 /* PhoneticsModel.swift */ = {isa = PBXFileReference; lastKnownFileType = sourcecode.swift; path = PhoneticsModel.swift; sourceTree = "<group>"; };
		B568797F2B58DE250039CDD0 /* test_lists.json */ = {isa = PBXFileReference; fileEncoding = 4; lastKnownFileType = text.json; path = test_lists.json; sourceTree = "<group>"; };
		B56E1D122B466FBB00EFF481 /* BritWord.app */ = {isa = PBXFileReference; explicitFileType = wrapper.application; includeInIndex = 0; path = BritWord.app; sourceTree = BUILT_PRODUCTS_DIR; };
		B56E1D152B466FBB00EFF481 /* BritWordApp.swift */ = {isa = PBXFileReference; lastKnownFileType = sourcecode.swift; path = BritWordApp.swift; sourceTree = "<group>"; };
		B56E1D172B466FBB00EFF481 /* SplashView.swift */ = {isa = PBXFileReference; lastKnownFileType = sourcecode.swift; path = SplashView.swift; sourceTree = "<group>"; };
		B56E1D192B466FBD00EFF481 /* Assets.xcassets */ = {isa = PBXFileReference; lastKnownFileType = folder.assetcatalog; path = Assets.xcassets; sourceTree = "<group>"; };
		B56E1D1C2B466FBD00EFF481 /* Preview Assets.xcassets */ = {isa = PBXFileReference; lastKnownFileType = folder.assetcatalog; path = "Preview Assets.xcassets"; sourceTree = "<group>"; };
		B56E1D2C2B46C90C00EFF481 /* HomeView.swift */ = {isa = PBXFileReference; lastKnownFileType = sourcecode.swift; path = HomeView.swift; sourceTree = "<group>"; };
		B56E1D2E2B46EFD800EFF481 /* LogoView.swift */ = {isa = PBXFileReference; lastKnownFileType = sourcecode.swift; path = LogoView.swift; sourceTree = "<group>"; };
		B56E1D302B46F02800EFF481 /* Constants.swift */ = {isa = PBXFileReference; lastKnownFileType = sourcecode.swift; path = Constants.swift; sourceTree = "<group>"; };
		B56E1D322B46F5C400EFF481 /* notos_extra.ttf */ = {isa = PBXFileReference; lastKnownFileType = file; path = notos_extra.ttf; sourceTree = "<group>"; };
		B56E1D362B46F5C400EFF481 /* noto_regular.ttf */ = {isa = PBXFileReference; lastKnownFileType = file; path = noto_regular.ttf; sourceTree = "<group>"; };
		B56E1D3F2B46F5EB00EFF481 /* Info.plist */ = {isa = PBXFileReference; lastKnownFileType = text.plist; path = Info.plist; sourceTree = "<group>"; };
		B56E1D402B46F65600EFF481 /* Colors.swift */ = {isa = PBXFileReference; lastKnownFileType = sourcecode.swift; path = Colors.swift; sourceTree = "<group>"; };
		B56E1D422B46F79A00EFF481 /* Fonts.swift */ = {isa = PBXFileReference; lastKnownFileType = sourcecode.swift; path = Fonts.swift; sourceTree = "<group>"; };
		B56E1D482B47147E00EFF481 /* Modifiers.swift */ = {isa = PBXFileReference; lastKnownFileType = sourcecode.swift; path = Modifiers.swift; sourceTree = "<group>"; };
		B56E1D4E2B47D59400EFF481 /* HeaderView.swift */ = {isa = PBXFileReference; lastKnownFileType = sourcecode.swift; path = HeaderView.swift; sourceTree = "<group>"; };
		B56E1D502B4840AC00EFF481 /* CategoriesView.swift */ = {isa = PBXFileReference; lastKnownFileType = sourcecode.swift; path = CategoriesView.swift; sourceTree = "<group>"; };
		B5720EC22B72079D00B06183 /* DifferentWordsRowView.swift */ = {isa = PBXFileReference; lastKnownFileType = sourcecode.swift; path = DifferentWordsRowView.swift; sourceTree = "<group>"; };
		B5720EC52B7208F100B06183 /* Extensions.swift */ = {isa = PBXFileReference; lastKnownFileType = sourcecode.swift; path = Extensions.swift; sourceTree = "<group>"; };
		B576FF572C155D9400A7BD99 /* loading.json */ = {isa = PBXFileReference; fileEncoding = 4; lastKnownFileType = text.json; path = loading.json; sourceTree = "<group>"; };
		B576FF632C15A3EF00A7BD99 /* Poppins-SemiBold.ttf */ = {isa = PBXFileReference; lastKnownFileType = file; path = "Poppins-SemiBold.ttf"; sourceTree = "<group>"; };
		B576FF652C15A4EC00A7BD99 /* Poppins-Bold.ttf */ = {isa = PBXFileReference; lastKnownFileType = file; path = "Poppins-Bold.ttf"; sourceTree = "<group>"; };
		B576FF662C15A4EC00A7BD99 /* Poppins-ExtraLight.ttf */ = {isa = PBXFileReference; lastKnownFileType = file; path = "Poppins-ExtraLight.ttf"; sourceTree = "<group>"; };
		B576FF672C15A4ED00A7BD99 /* Poppins-ExtraBold.ttf */ = {isa = PBXFileReference; lastKnownFileType = file; path = "Poppins-ExtraBold.ttf"; sourceTree = "<group>"; };
		B576FF682C15A4ED00A7BD99 /* Poppins-Regular.ttf */ = {isa = PBXFileReference; lastKnownFileType = file; path = "Poppins-Regular.ttf"; sourceTree = "<group>"; };
		B576FF692C15A4ED00A7BD99 /* Poppins-Black.ttf */ = {isa = PBXFileReference; lastKnownFileType = file; path = "Poppins-Black.ttf"; sourceTree = "<group>"; };
		B576FF6A2C15A4ED00A7BD99 /* Poppins-Light.ttf */ = {isa = PBXFileReference; lastKnownFileType = file; path = "Poppins-Light.ttf"; sourceTree = "<group>"; };
		B576FF6B2C15A4ED00A7BD99 /* Poppins-Medium.ttf */ = {isa = PBXFileReference; lastKnownFileType = file; path = "Poppins-Medium.ttf"; sourceTree = "<group>"; };
		B5896BC62C2EFA2C007723FE /* BritWordTests.xctest */ = {isa = PBXFileReference; explicitFileType = wrapper.cfbundle; includeInIndex = 0; path = BritWordTests.xctest; sourceTree = BUILT_PRODUCTS_DIR; };
		B5896BC82C2EFA2C007723FE /* BritWordTests.swift */ = {isa = PBXFileReference; lastKnownFileType = sourcecode.swift; path = BritWordTests.swift; sourceTree = "<group>"; };
		B5926D192C0076D1000EA946 /* NewReleasedView.swift */ = {isa = PBXFileReference; lastKnownFileType = sourcecode.swift; path = NewReleasedView.swift; sourceTree = "<group>"; };
		B5926D2F2C033F4B000EA946 /* ChartView.swift */ = {isa = PBXFileReference; lastKnownFileType = sourcecode.swift; path = ChartView.swift; sourceTree = "<group>"; };
		B5926D622C072BAF000EA946 /* dailyStreak.json */ = {isa = PBXFileReference; fileEncoding = 4; lastKnownFileType = text.json; path = dailyStreak.json; sourceTree = "<group>"; };
		B5926D712C0862A8000EA946 /* DailyStreakAlertView.swift */ = {isa = PBXFileReference; lastKnownFileType = sourcecode.swift; path = DailyStreakAlertView.swift; sourceTree = "<group>"; };
		B5926D732C0867F9000EA946 /* DailyStreakImageEffect.swift */ = {isa = PBXFileReference; lastKnownFileType = sourcecode.swift; path = DailyStreakImageEffect.swift; sourceTree = "<group>"; };
		B5926D752C0A052C000EA946 /* DailyStreakSettings.swift */ = {isa = PBXFileReference; lastKnownFileType = sourcecode.swift; path = DailyStreakSettings.swift; sourceTree = "<group>"; };
		B5978C992C19DCEA0087E0AF /* DateFormatter.swift */ = {isa = PBXFileReference; lastKnownFileType = sourcecode.swift; path = DateFormatter.swift; sourceTree = "<group>"; };
		B59828092BB91F500057EB35 /* PodcastsViewModel.swift */ = {isa = PBXFileReference; lastKnownFileType = sourcecode.swift; path = PodcastsViewModel.swift; sourceTree = "<group>"; };
		B598280B2BB920C10057EB35 /* beginner_vocabulary.json */ = {isa = PBXFileReference; fileEncoding = 4; lastKnownFileType = text.json; path = beginner_vocabulary.json; sourceTree = "<group>"; };
		B598280D2BB97A730057EB35 /* HomeTitleView.swift */ = {isa = PBXFileReference; lastKnownFileType = sourcecode.swift; path = HomeTitleView.swift; sourceTree = "<group>"; };
		B598280F2BB97E400057EB35 /* PlayerView.swift */ = {isa = PBXFileReference; lastKnownFileType = sourcecode.swift; path = PlayerView.swift; sourceTree = "<group>"; };
		B5B009C92B73C5AE004A30FA /* DifferentWordsViewModel.swift */ = {isa = PBXFileReference; lastKnownFileType = sourcecode.swift; path = DifferentWordsViewModel.swift; sourceTree = "<group>"; };
		B5B136442BA0BE9B0013C293 /* Dimens.swift */ = {isa = PBXFileReference; lastKnownFileType = sourcecode.swift; path = Dimens.swift; sourceTree = "<group>"; };
		B5B136562BA2F77E0013C293 /* Table.swift */ = {isa = PBXFileReference; lastKnownFileType = sourcecode.swift; path = Table.swift; sourceTree = "<group>"; };
		B5F783FA2B5443F800D07B45 /* SoundPlayerView.swift */ = {isa = PBXFileReference; lastKnownFileType = sourcecode.swift; path = SoundPlayerView.swift; sourceTree = "<group>"; };
		B5F783FC2B5526CC00D07B45 /* CodableBundleExtension.swift */ = {isa = PBXFileReference; lastKnownFileType = sourcecode.swift; path = CodableBundleExtension.swift; sourceTree = "<group>"; };
		B5F783FE2B5526EC00D07B45 /* DifferentWordsModel.swift */ = {isa = PBXFileReference; lastKnownFileType = sourcecode.swift; path = DifferentWordsModel.swift; sourceTree = "<group>"; };
		B5F8C4752BADF5F8004A1026 /* PhoneticsDetailView.swift */ = {isa = PBXFileReference; fileEncoding = 4; lastKnownFileType = sourcecode.swift; path = PhoneticsDetailView.swift; sourceTree = "<group>"; };
		B5F8C4772BADF5FC004A1026 /* PhoneticsView.swift */ = {isa = PBXFileReference; fileEncoding = 4; lastKnownFileType = sourcecode.swift; path = PhoneticsView.swift; sourceTree = "<group>"; };
		B5F8C4792BADF614004A1026 /* PhoneticsSymbolView.swift */ = {isa = PBXFileReference; fileEncoding = 4; lastKnownFileType = sourcecode.swift; path = PhoneticsSymbolView.swift; sourceTree = "<group>"; };
		B5F8C47A2BADF614004A1026 /* PhoneticsListView.swift */ = {isa = PBXFileReference; fileEncoding = 4; lastKnownFileType = sourcecode.swift; path = PhoneticsListView.swift; sourceTree = "<group>"; };
		B5F8C47B2BADF614004A1026 /* PhoneticsExampleItemView.swift */ = {isa = PBXFileReference; fileEncoding = 4; lastKnownFileType = sourcecode.swift; path = PhoneticsExampleItemView.swift; sourceTree = "<group>"; };
		B5F8C47C2BADF614004A1026 /* PhoneticsExampleView.swift */ = {isa = PBXFileReference; fileEncoding = 4; lastKnownFileType = sourcecode.swift; path = PhoneticsExampleView.swift; sourceTree = "<group>"; };
		CF0E043BA2AD936F6CB43920 /* Pods_BritWord.framework */ = {isa = PBXFileReference; explicitFileType = wrapper.framework; includeInIndex = 0; path = Pods_BritWord.framework; sourceTree = BUILT_PRODUCTS_DIR; };
/* End PBXFileReference section */

/* Begin PBXFrameworksBuildPhase section */
		B56E1D0F2B466FBB00EFF481 /* Frameworks */ = {
			isa = PBXFrameworksBuildPhase;
			buildActionMask = 2147483647;
			files = (
				B5926D0D2BFF7CA6000EA946 /* Supabase in Frameworks */,
				B5926D0B2BFF7C5D000EA946 /* Storage in Frameworks */,
				B5926D072BFF7C5D000EA946 /* PostgREST in Frameworks */,
				B5926D052BFF7C5D000EA946 /* Functions in Frameworks */,
				B5926D032BFF7C5D000EA946 /* Auth in Frameworks */,
				B5926D092BFF7C5D000EA946 /* Realtime in Frameworks */,
				2108868F5099B7354524BD1C /* Pods_BritWord.framework in Frameworks */,
				B5926D6D2C073FDE000EA946 /* Lottie in Frameworks */,
			);
			runOnlyForDeploymentPostprocessing = 0;
		};
		B5896BC32C2EFA2C007723FE /* Frameworks */ = {
			isa = PBXFrameworksBuildPhase;
			buildActionMask = 2147483647;
			files = (
			);
			runOnlyForDeploymentPostprocessing = 0;
		};
/* End PBXFrameworksBuildPhase section */

/* Begin PBXGroup section */
		6FE0073E162DC5289D150EA0 /* Pods */ = {
			isa = PBXGroup;
			children = (
				015C2FE97783EA357F6E4C45 /* Pods-BritWord.debug.xcconfig */,
				06F15661BCD62B74D63058B4 /* Pods-BritWord.release.xcconfig */,
			);
			path = Pods;
			sourceTree = "<group>";
		};
		B53EA5212B4D361100A1AAAF /* DifferentWords */ = {
			isa = PBXGroup;
			children = (
				B5D53E732BA4907C00289ABD /* CustomSubView */,
				B53EA5192B4C34A100A1AAAF /* DifferentWordsView.swift */,
			);
			path = DifferentWords;
			sourceTree = "<group>";
		};
		B53EA5282B4E491F00A1AAAF /* Phonetics */ = {
			isa = PBXGroup;
			children = (
				B5F8C4812BADF618004A1026 /* CustomSubView */,
				B5F8C4772BADF5FC004A1026 /* PhoneticsView.swift */,
				B5F8C4752BADF5F8004A1026 /* PhoneticsDetailView.swift */,
			);
			path = Phonetics;
			sourceTree = "<group>";
		};
		B53EA5382B4E97FE00A1AAAF /* Categories */ = {
			isa = PBXGroup;
			children = (
				B53EA5212B4D361100A1AAAF /* DifferentWords */,
				B53EA5282B4E491F00A1AAAF /* Phonetics */,
			);
			path = Categories;
			sourceTree = "<group>";
		};
		B54F92332BFDD0CB00B53465 /* Extensions */ = {
			isa = PBXGroup;
			children = (
				B56E1D262B46871800EFF481 /* Utilities */,
				B54F92342BFDD0EA00B53465 /* UINavigationController + Extension.swift */,
			);
			path = Extensions;
			sourceTree = "<group>";
		};
		B559D3042B73911E009F0A10 /* Others */ = {
			isa = PBXGroup;
			children = (
			);
			path = Others;
			sourceTree = "<group>";
		};
		B55E8AA22B518256004DB0D1 /* Components */ = {
			isa = PBXGroup;
			children = (
				B53EA51B2B4C38AA00A1AAAF /* NavigationHeaderView.swift */,
				B53EA5452B4F994100A1AAAF /* ButtonView.swift */,
				B53EA54B2B4FE91100A1AAAF /* BorderButtonView.swift */,
				B50258A92B52A3930031C3A1 /* SimpleNavigationHeaderView.swift */,
				B5F783FA2B5443F800D07B45 /* SoundPlayerView.swift */,
				B559D3022B739064009F0A10 /* RemoteImageView.swift */,
				B598280D2BB97A730057EB35 /* HomeTitleView.swift */,
			);
			path = Components;
			sourceTree = "<group>";
		};
		B56E1D092B466FBB00EFF481 = {
			isa = PBXGroup;
			children = (
				B56E1D142B466FBB00EFF481 /* BritWord */,
				B5896BC72C2EFA2C007723FE /* BritWordTests */,
				B56E1D132B466FBB00EFF481 /* Products */,
				6FE0073E162DC5289D150EA0 /* Pods */,
				D4DD10159345ACD1B2AC04A3 /* Frameworks */,
			);
			sourceTree = "<group>";
		};
		B56E1D132B466FBB00EFF481 /* Products */ = {
			isa = PBXGroup;
			children = (
				B56E1D122B466FBB00EFF481 /* BritWord.app */,
				B5896BC62C2EFA2C007723FE /* BritWordTests.xctest */,
			);
			name = Products;
			sourceTree = "<group>";
		};
		B56E1D142B466FBB00EFF481 /* BritWord */ = {
			isa = PBXGroup;
			children = (
				B5B136402BA015120013C293 /* Managers */,
				B559D3002B7389AC009F0A10 /* GoogleService-Info.plist */,
				B5F784042B552A4700D07B45 /* Datas */,
				B56E1D3F2B46F5EB00EFF481 /* Info.plist */,
				B56E1D3E2B46F5C800EFF481 /* Fonts */,
				B54F92332BFDD0CB00B53465 /* Extensions */,
				B56E1D252B46871100EFF481 /* Model */,
				B56E1D242B46870A00EFF481 /* ViewModel */,
				B56E1D232B4686FE00EFF481 /* View */,
				B56E1D152B466FBB00EFF481 /* BritWordApp.swift */,
				B56E1D192B466FBD00EFF481 /* Assets.xcassets */,
				B56E1D1B2B466FBD00EFF481 /* Preview Content */,
				B5F783FC2B5526CC00D07B45 /* CodableBundleExtension.swift */,
			);
			path = BritWord;
			sourceTree = "<group>";
		};
		B56E1D1B2B466FBD00EFF481 /* Preview Content */ = {
			isa = PBXGroup;
			children = (
				B56E1D1C2B466FBD00EFF481 /* Preview Assets.xcassets */,
			);
			path = "Preview Content";
			sourceTree = "<group>";
		};
		B56E1D232B4686FE00EFF481 /* View */ = {
			isa = PBXGroup;
			children = (
				B559D3042B73911E009F0A10 /* Others */,
				B56E1D532B49534F00EFF481 /* Splash */,
				B56E1D522B49534500EFF481 /* Home */,
				B55E8AA22B518256004DB0D1 /* Components */,
			);
			path = View;
			sourceTree = "<group>";
		};
		B56E1D242B46870A00EFF481 /* ViewModel */ = {
			isa = PBXGroup;
			children = (
				B5B009C92B73C5AE004A30FA /* DifferentWordsViewModel.swift */,
				B59828092BB91F500057EB35 /* PodcastsViewModel.swift */,
			);
			path = ViewModel;
			sourceTree = "<group>";
		};
		B56E1D252B46871100EFF481 /* Model */ = {
			isa = PBXGroup;
			children = (
				B53EA51F2B4CFB9800A1AAAF /* HomeCoursesDestination.swift */,
				B5F783FE2B5526EC00D07B45 /* DifferentWordsModel.swift */,
				B568797D2B5786F70039CDD0 /* PhoneticsModel.swift */,
				B53EF50F2C0E023B0017A4D5 /* PodcastsModel.swift */,
			);
			path = Model;
			sourceTree = "<group>";
		};
		B56E1D262B46871800EFF481 /* Utilities */ = {
			isa = PBXGroup;
			children = (
				B5720EC42B7208E200B06183 /* Extensions */,
				B5B136412BA0428B0013C293 /* Constants */,
				B5B1363F2BA015080013C293 /* Modifiers */,
				B5B1363E2BA014FA0013C293 /* CustomShapes */,
				B53EA5552B50EDC800A1AAAF /* IconTextFieldView.swift */,
				B51454292BC2A63E0032CEB4 /* TimeFormat.swift */,
				B5978C992C19DCEA0087E0AF /* DateFormatter.swift */,
			);
			path = Utilities;
			sourceTree = "<group>";
		};
		B56E1D272B46C5F500EFF481 /* Animations */ = {
			isa = PBXGroup;
			children = (
				B576FF572C155D9400A7BD99 /* loading.json */,
				B5926D622C072BAF000EA946 /* dailyStreak.json */,
				B55E8A9D2B518047004DB0D1 /* confetti_effect.json */,
			);
			path = Animations;
			sourceTree = "<group>";
		};
		B56E1D3E2B46F5C800EFF481 /* Fonts */ = {
			isa = PBXGroup;
			children = (
				B576FF692C15A4ED00A7BD99 /* Poppins-Black.ttf */,
				B576FF652C15A4EC00A7BD99 /* Poppins-Bold.ttf */,
				B576FF672C15A4ED00A7BD99 /* Poppins-ExtraBold.ttf */,
				B576FF662C15A4EC00A7BD99 /* Poppins-ExtraLight.ttf */,
				B576FF6A2C15A4ED00A7BD99 /* Poppins-Light.ttf */,
				B576FF6B2C15A4ED00A7BD99 /* Poppins-Medium.ttf */,
				B576FF682C15A4ED00A7BD99 /* Poppins-Regular.ttf */,
				B576FF632C15A3EF00A7BD99 /* Poppins-SemiBold.ttf */,
				B56E1D362B46F5C400EFF481 /* noto_regular.ttf */,
				B56E1D322B46F5C400EFF481 /* notos_extra.ttf */,
			);
			path = Fonts;
			sourceTree = "<group>";
		};
		B56E1D522B49534500EFF481 /* Home */ = {
			isa = PBXGroup;
			children = (
				B5926D2E2C033F39000EA946 /* Analytics */,
				B56E1D2C2B46C90C00EFF481 /* HomeView.swift */,
				B5D53E742BA4909800289ABD /* CustomSubViews */,
				B53EA5382B4E97FE00A1AAAF /* Categories */,
				B5D53E6F2BA3F10F00289ABD /* Listening */,
				B5926D712C0862A8000EA946 /* DailyStreakAlertView.swift */,
				B5926D732C0867F9000EA946 /* DailyStreakImageEffect.swift */,
				B5926D752C0A052C000EA946 /* DailyStreakSettings.swift */,
			);
			path = Home;
			sourceTree = "<group>";
		};
		B56E1D532B49534F00EFF481 /* Splash */ = {
			isa = PBXGroup;
			children = (
				B56E1D172B466FBB00EFF481 /* SplashView.swift */,
				B56E1D2E2B46EFD800EFF481 /* LogoView.swift */,
			);
			path = Splash;
			sourceTree = "<group>";
		};
		B5720EC42B7208E200B06183 /* Extensions */ = {
			isa = PBXGroup;
			children = (
				B5720EC52B7208F100B06183 /* Extensions.swift */,
			);
			path = Extensions;
			sourceTree = "<group>";
		};
		B5896BC72C2EFA2C007723FE /* BritWordTests */ = {
			isa = PBXGroup;
			children = (
				B5896BC82C2EFA2C007723FE /* BritWordTests.swift */,
			);
			path = BritWordTests;
			sourceTree = "<group>";
		};
		B5926D2E2C033F39000EA946 /* Analytics */ = {
			isa = PBXGroup;
			children = (
				B5926D2F2C033F4B000EA946 /* ChartView.swift */,
			);
			path = Analytics;
			sourceTree = "<group>";
		};
		B5B1363E2BA014FA0013C293 /* CustomShapes */ = {
			isa = PBXGroup;
			children = (
				B53EA54D2B4FF47500A1AAAF /* DottedLineShape.swift */,
			);
			path = CustomShapes;
			sourceTree = "<group>";
		};
		B5B1363F2BA015080013C293 /* Modifiers */ = {
			isa = PBXGroup;
			children = (
				B56E1D482B47147E00EFF481 /* Modifiers.swift */,
				B54F92362BFDD8EE00B53465 /* NavigationBarModifier.swift */,
			);
			path = Modifiers;
			sourceTree = "<group>";
		};
		B5B136402BA015120013C293 /* Managers */ = {
			isa = PBXGroup;
			children = (
				B5B136532BA2F7100013C293 /* Manager */,
				B559D2FE2B7387D4009F0A10 /* AudioPlayer.swift */,
			);
			path = Managers;
			sourceTree = "<group>";
		};
		B5B136412BA0428B0013C293 /* Constants */ = {
			isa = PBXGroup;
			children = (
				B56E1D302B46F02800EFF481 /* Constants.swift */,
				B56E1D402B46F65600EFF481 /* Colors.swift */,
				B56E1D422B46F79A00EFF481 /* Fonts.swift */,
				B5B136442BA0BE9B0013C293 /* Dimens.swift */,
			);
			path = Constants;
			sourceTree = "<group>";
		};
		B5B136532BA2F7100013C293 /* Manager */ = {
			isa = PBXGroup;
			children = (
				B5B136562BA2F77E0013C293 /* Table.swift */,
				B53EF5112C0E025F0017A4D5 /* SupabaseService.swift */,
				B53EF5132C0E08C50017A4D5 /* DIContainer.swift */,
			);
			path = Manager;
			sourceTree = "<group>";
		};
		B5D53E6F2BA3F10F00289ABD /* Listening */ = {
			isa = PBXGroup;
			children = (
				B53EA5472B4FE60D00A1AAAF /* TrackListView.swift */,
				B53EA54F2B4FF7DF00A1AAAF /* TrackItemView.swift */,
				B598280F2BB97E400057EB35 /* PlayerView.swift */,
			);
			path = Listening;
			sourceTree = "<group>";
		};
		B5D53E732BA4907C00289ABD /* CustomSubView */ = {
			isa = PBXGroup;
			children = (
				B53EA51D2B4C58F300A1AAAF /* DifferentWordTextView.swift */,
				B5720EC22B72079D00B06183 /* DifferentWordsRowView.swift */,
			);
			path = CustomSubView;
			sourceTree = "<group>";
		};
		B5D53E742BA4909800289ABD /* CustomSubViews */ = {
			isa = PBXGroup;
			children = (
				B56E1D4E2B47D59400EFF481 /* HeaderView.swift */,
				B56E1D502B4840AC00EFF481 /* CategoriesView.swift */,
				B54F92382BFDFCBB00B53465 /* DailyStreakView.swift */,
				B5926D192C0076D1000EA946 /* NewReleasedView.swift */,
			);
			path = CustomSubViews;
			sourceTree = "<group>";
		};
		B5F784042B552A4700D07B45 /* Datas */ = {
			isa = PBXGroup;
			children = (
				B598280B2BB920C10057EB35 /* beginner_vocabulary.json */,
				B56E1D272B46C5F500EFF481 /* Animations */,
				B568797F2B58DE250039CDD0 /* test_lists.json */,
				B56879772B5786E10039CDD0 /* consonants_phonetics.json */,
				B56879782B5786E20039CDD0 /* diphthongs_phonetics.json */,
				B56879792B5786E20039CDD0 /* vowels_phonetics.json */,
			);
			path = Datas;
			sourceTree = "<group>";
		};
		B5F8C4812BADF618004A1026 /* CustomSubView */ = {
			isa = PBXGroup;
			children = (
				B5F8C47B2BADF614004A1026 /* PhoneticsExampleItemView.swift */,
				B5F8C47C2BADF614004A1026 /* PhoneticsExampleView.swift */,
				B5F8C47A2BADF614004A1026 /* PhoneticsListView.swift */,
				B5F8C4792BADF614004A1026 /* PhoneticsSymbolView.swift */,
			);
			path = CustomSubView;
			sourceTree = "<group>";
		};
		D4DD10159345ACD1B2AC04A3 /* Frameworks */ = {
			isa = PBXGroup;
			children = (
				CF0E043BA2AD936F6CB43920 /* Pods_BritWord.framework */,
			);
			name = Frameworks;
			sourceTree = "<group>";
		};
/* End PBXGroup section */

/* Begin PBXNativeTarget section */
		B56E1D112B466FBB00EFF481 /* BritWord */ = {
			isa = PBXNativeTarget;
			buildConfigurationList = B56E1D202B466FBD00EFF481 /* Build configuration list for PBXNativeTarget "BritWord" */;
			buildPhases = (
				AC1B5E00C9C57A5813FF6217 /* [CP] Check Pods Manifest.lock */,
				B56E1D0E2B466FBB00EFF481 /* Sources */,
				B56E1D0F2B466FBB00EFF481 /* Frameworks */,
				B56E1D102B466FBB00EFF481 /* Resources */,
				B230A5AB474533CBB8C3A6A1 /* [CP] Embed Pods Frameworks */,
			);
			buildRules = (
			);
			dependencies = (
			);
			name = BritWord;
			packageProductDependencies = (
				B5926D022BFF7C5D000EA946 /* Auth */,
				B5926D042BFF7C5D000EA946 /* Functions */,
				B5926D062BFF7C5D000EA946 /* PostgREST */,
				B5926D082BFF7C5D000EA946 /* Realtime */,
				B5926D0A2BFF7C5D000EA946 /* Storage */,
				B5926D0C2BFF7CA6000EA946 /* Supabase */,
				B5926D6C2C073FDE000EA946 /* Lottie */,
			);
			productName = BritWord;
			productReference = B56E1D122B466FBB00EFF481 /* BritWord.app */;
			productType = "com.apple.product-type.application";
		};
		B5896BC52C2EFA2C007723FE /* BritWordTests */ = {
			isa = PBXNativeTarget;
			buildConfigurationList = B5896BCE2C2EFA2C007723FE /* Build configuration list for PBXNativeTarget "BritWordTests" */;
			buildPhases = (
				B5896BC22C2EFA2C007723FE /* Sources */,
				B5896BC32C2EFA2C007723FE /* Frameworks */,
				B5896BC42C2EFA2C007723FE /* Resources */,
			);
			buildRules = (
			);
			dependencies = (
				B5896BCB2C2EFA2C007723FE /* PBXTargetDependency */,
			);
			name = BritWordTests;
			productName = BritWordTests;
			productReference = B5896BC62C2EFA2C007723FE /* BritWordTests.xctest */;
			productType = "com.apple.product-type.bundle.unit-test";
		};
/* End PBXNativeTarget section */

/* Begin PBXProject section */
		B56E1D0A2B466FBB00EFF481 /* Project object */ = {
			isa = PBXProject;
			attributes = {
				BuildIndependentTargetsInParallel = 1;
				LastSwiftUpdateCheck = 1540;
				LastUpgradeCheck = 1510;
				TargetAttributes = {
					B56E1D112B466FBB00EFF481 = {
						CreatedOnToolsVersion = 15.1;
					};
					B5896BC52C2EFA2C007723FE = {
						CreatedOnToolsVersion = 15.4;
						TestTargetID = B56E1D112B466FBB00EFF481;
					};
				};
			};
			buildConfigurationList = B56E1D0D2B466FBB00EFF481 /* Build configuration list for PBXProject "BritWord" */;
			compatibilityVersion = "Xcode 14.0";
			developmentRegion = en;
			hasScannedForEncodings = 0;
			knownRegions = (
				en,
				Base,
			);
			mainGroup = B56E1D092B466FBB00EFF481;
			packageReferences = (
				B5926D012BFF7C5D000EA946 /* XCRemoteSwiftPackageReference "supabase-swift" */,
				B5926D6B2C073FDE000EA946 /* XCRemoteSwiftPackageReference "lottie-ios" */,
			);
			productRefGroup = B56E1D132B466FBB00EFF481 /* Products */;
			projectDirPath = "";
			projectRoot = "";
			targets = (
				B56E1D112B466FBB00EFF481 /* BritWord */,
				B5896BC52C2EFA2C007723FE /* BritWordTests */,
			);
		};
/* End PBXProject section */

/* Begin PBXResourcesBuildPhase section */
		B56E1D102B466FBB00EFF481 /* Resources */ = {
			isa = PBXResourcesBuildPhase;
			buildActionMask = 2147483647;
			files = (
				B55E8A9F2B518047004DB0D1 /* confetti_effect.json in Resources */,
				B576FF6D2C15A4ED00A7BD99 /* Poppins-ExtraLight.ttf in Resources */,
				B56E1D1D2B466FBD00EFF481 /* Preview Assets.xcassets in Resources */,
				B56E1D382B46F5C400EFF481 /* notos_extra.ttf in Resources */,
				B576FF702C15A4ED00A7BD99 /* Poppins-Black.ttf in Resources */,
				B576FF6C2C15A4ED00A7BD99 /* Poppins-Bold.ttf in Resources */,
				B56E1D1A2B466FBD00EFF481 /* Assets.xcassets in Resources */,
				B576FF712C15A4ED00A7BD99 /* Poppins-Light.ttf in Resources */,
				B568797C2B5786E20039CDD0 /* vowels_phonetics.json in Resources */,
				B56879802B58DE250039CDD0 /* test_lists.json in Resources */,
				B576FF582C155D9400A7BD99 /* loading.json in Resources */,
				B559D3012B7389AC009F0A10 /* GoogleService-Info.plist in Resources */,
				B576FF6E2C15A4ED00A7BD99 /* Poppins-ExtraBold.ttf in Resources */,
				B576FF722C15A4ED00A7BD99 /* Poppins-Medium.ttf in Resources */,
				B568797B2B5786E20039CDD0 /* diphthongs_phonetics.json in Resources */,
				B598280C2BB920C10057EB35 /* beginner_vocabulary.json in Resources */,
				B576FF642C15A3EF00A7BD99 /* Poppins-SemiBold.ttf in Resources */,
				B56E1D3C2B46F5C400EFF481 /* noto_regular.ttf in Resources */,
				B568797A2B5786E20039CDD0 /* consonants_phonetics.json in Resources */,
				B5926D632C072BB0000EA946 /* dailyStreak.json in Resources */,
				B576FF6F2C15A4ED00A7BD99 /* Poppins-Regular.ttf in Resources */,
			);
			runOnlyForDeploymentPostprocessing = 0;
		};
		B5896BC42C2EFA2C007723FE /* Resources */ = {
			isa = PBXResourcesBuildPhase;
			buildActionMask = 2147483647;
			files = (
			);
			runOnlyForDeploymentPostprocessing = 0;
		};
/* End PBXResourcesBuildPhase section */

/* Begin PBXShellScriptBuildPhase section */
		AC1B5E00C9C57A5813FF6217 /* [CP] Check Pods Manifest.lock */ = {
			isa = PBXShellScriptBuildPhase;
			buildActionMask = 2147483647;
			files = (
			);
			inputFileListPaths = (
			);
			inputPaths = (
				"${PODS_PODFILE_DIR_PATH}/Podfile.lock",
				"${PODS_ROOT}/Manifest.lock",
			);
			name = "[CP] Check Pods Manifest.lock";
			outputFileListPaths = (
			);
			outputPaths = (
				"$(DERIVED_FILE_DIR)/Pods-BritWord-checkManifestLockResult.txt",
			);
			runOnlyForDeploymentPostprocessing = 0;
			shellPath = /bin/sh;
			shellScript = "diff \"${PODS_PODFILE_DIR_PATH}/Podfile.lock\" \"${PODS_ROOT}/Manifest.lock\" > /dev/null\nif [ $? != 0 ] ; then\n    # print error to STDERR\n    echo \"error: The sandbox is not in sync with the Podfile.lock. Run 'pod install' or update your CocoaPods installation.\" >&2\n    exit 1\nfi\n# This output is used by Xcode 'outputs' to avoid re-running this script phase.\necho \"SUCCESS\" > \"${SCRIPT_OUTPUT_FILE_0}\"\n";
			showEnvVarsInLog = 0;
		};
		B230A5AB474533CBB8C3A6A1 /* [CP] Embed Pods Frameworks */ = {
			isa = PBXShellScriptBuildPhase;
			buildActionMask = 2147483647;
			files = (
			);
			inputFileListPaths = (
				"${PODS_ROOT}/Target Support Files/Pods-BritWord/Pods-BritWord-frameworks-${CONFIGURATION}-input-files.xcfilelist",
			);
			name = "[CP] Embed Pods Frameworks";
			outputFileListPaths = (
				"${PODS_ROOT}/Target Support Files/Pods-BritWord/Pods-BritWord-frameworks-${CONFIGURATION}-output-files.xcfilelist",
			);
			runOnlyForDeploymentPostprocessing = 0;
			shellPath = /bin/sh;
			shellScript = "\"${PODS_ROOT}/Target Support Files/Pods-BritWord/Pods-BritWord-frameworks.sh\"\n";
			showEnvVarsInLog = 0;
		};
/* End PBXShellScriptBuildPhase section */

/* Begin PBXSourcesBuildPhase section */
		B56E1D0E2B466FBB00EFF481 /* Sources */ = {
			isa = PBXSourcesBuildPhase;
			buildActionMask = 2147483647;
			files = (
				B53EF5102C0E023B0017A4D5 /* PodcastsModel.swift in Sources */,
				B56E1D432B46F79A00EFF481 /* Fonts.swift in Sources */,
				B59828102BB97E400057EB35 /* PlayerView.swift in Sources */,
				B53EA5202B4CFB9800A1AAAF /* HomeCoursesDestination.swift in Sources */,
				B5720EC62B7208F100B06183 /* Extensions.swift in Sources */,
				B53EA5502B4FF7DF00A1AAAF /* TrackItemView.swift in Sources */,
				B5F8C4762BADF5F8004A1026 /* PhoneticsDetailView.swift in Sources */,
				B53EA5562B50EDC800A1AAAF /* IconTextFieldView.swift in Sources */,
				B56E1D4F2B47D59400EFF481 /* HeaderView.swift in Sources */,
				B54F92352BFDD0EA00B53465 /* UINavigationController + Extension.swift in Sources */,
				B53EF5122C0E025F0017A4D5 /* SupabaseService.swift in Sources */,
				B53EF5142C0E08C50017A4D5 /* DIContainer.swift in Sources */,
				B5F8C4802BADF614004A1026 /* PhoneticsExampleView.swift in Sources */,
				B56E1D492B47147E00EFF481 /* Modifiers.swift in Sources */,
				B5926D1A2C0076D1000EA946 /* NewReleasedView.swift in Sources */,
				B54F92372BFDD8EE00B53465 /* NavigationBarModifier.swift in Sources */,
				B5F8C47D2BADF614004A1026 /* PhoneticsSymbolView.swift in Sources */,
				B514542A2BC2A63E0032CEB4 /* TimeFormat.swift in Sources */,
				B5F8C4782BADF5FC004A1026 /* PhoneticsView.swift in Sources */,
				B53EA51E2B4C58F300A1AAAF /* DifferentWordTextView.swift in Sources */,
				B5F8C47F2BADF614004A1026 /* PhoneticsExampleItemView.swift in Sources */,
				B56E1D2F2B46EFD800EFF481 /* LogoView.swift in Sources */,
				B5B009CA2B73C5AE004A30FA /* DifferentWordsViewModel.swift in Sources */,
				B5926D302C033F4B000EA946 /* ChartView.swift in Sources */,
				B559D2FF2B7387D4009F0A10 /* AudioPlayer.swift in Sources */,
				B5B136572BA2F77E0013C293 /* Table.swift in Sources */,
				B56E1D182B466FBB00EFF481 /* SplashView.swift in Sources */,
				B56E1D2D2B46C90C00EFF481 /* HomeView.swift in Sources */,
				B53EA5462B4F994100A1AAAF /* ButtonView.swift in Sources */,
				B5F783FF2B5526EC00D07B45 /* DifferentWordsModel.swift in Sources */,
				B5B136452BA0BE9B0013C293 /* Dimens.swift in Sources */,
				B53EA51A2B4C34A100A1AAAF /* DifferentWordsView.swift in Sources */,
				B53EA51C2B4C38AA00A1AAAF /* NavigationHeaderView.swift in Sources */,
				B56E1D412B46F65600EFF481 /* Colors.swift in Sources */,
				B5F8C47E2BADF614004A1026 /* PhoneticsListView.swift in Sources */,
				B56E1D162B466FBB00EFF481 /* BritWordApp.swift in Sources */,
				B54F92392BFDFCBB00B53465 /* DailyStreakView.swift in Sources */,
				B56E1D312B46F02800EFF481 /* Constants.swift in Sources */,
				B568797E2B5786F70039CDD0 /* PhoneticsModel.swift in Sources */,
				B56E1D512B4840AC00EFF481 /* CategoriesView.swift in Sources */,
				B598280E2BB97A730057EB35 /* HomeTitleView.swift in Sources */,
				B5926D762C0A052D000EA946 /* DailyStreakSettings.swift in Sources */,
				B5926D742C0867FA000EA946 /* DailyStreakImageEffect.swift in Sources */,
				B50258AA2B52A3930031C3A1 /* SimpleNavigationHeaderView.swift in Sources */,
				B53EA5482B4FE60D00A1AAAF /* TrackListView.swift in Sources */,
				B53EA54E2B4FF47500A1AAAF /* DottedLineShape.swift in Sources */,
				B559D3032B739064009F0A10 /* RemoteImageView.swift in Sources */,
				B5F783FD2B5526CC00D07B45 /* CodableBundleExtension.swift in Sources */,
				B5978C9A2C19DCEA0087E0AF /* DateFormatter.swift in Sources */,
				B5F783FB2B5443F800D07B45 /* SoundPlayerView.swift in Sources */,
				B53EA54C2B4FE91100A1AAAF /* BorderButtonView.swift in Sources */,
				B598280A2BB91F510057EB35 /* PodcastsViewModel.swift in Sources */,
				B5720EC32B72079D00B06183 /* DifferentWordsRowView.swift in Sources */,
				B5926D722C0862A8000EA946 /* DailyStreakAlertView.swift in Sources */,
			);
			runOnlyForDeploymentPostprocessing = 0;
		};
		B5896BC22C2EFA2C007723FE /* Sources */ = {
			isa = PBXSourcesBuildPhase;
			buildActionMask = 2147483647;
			files = (
				B5896BC92C2EFA2C007723FE /* BritWordTests.swift in Sources */,
			);
			runOnlyForDeploymentPostprocessing = 0;
		};
/* End PBXSourcesBuildPhase section */

/* Begin PBXTargetDependency section */
		B5896BCB2C2EFA2C007723FE /* PBXTargetDependency */ = {
			isa = PBXTargetDependency;
			target = B56E1D112B466FBB00EFF481 /* BritWord */;
			targetProxy = B5896BCA2C2EFA2C007723FE /* PBXContainerItemProxy */;
		};
/* End PBXTargetDependency section */

/* Begin XCBuildConfiguration section */
		B56E1D1E2B466FBD00EFF481 /* Debug */ = {
			isa = XCBuildConfiguration;
			buildSettings = {
				ALWAYS_SEARCH_USER_PATHS = NO;
				ASSETCATALOG_COMPILER_GENERATE_SWIFT_ASSET_SYMBOL_EXTENSIONS = YES;
				CLANG_ANALYZER_NONNULL = YES;
				CLANG_ANALYZER_NUMBER_OBJECT_CONVERSION = YES_AGGRESSIVE;
				CLANG_CXX_LANGUAGE_STANDARD = "gnu++20";
				CLANG_ENABLE_MODULES = YES;
				CLANG_ENABLE_OBJC_ARC = YES;
				CLANG_ENABLE_OBJC_WEAK = YES;
				CLANG_WARN_BLOCK_CAPTURE_AUTORELEASING = YES;
				CLANG_WARN_BOOL_CONVERSION = YES;
				CLANG_WARN_COMMA = YES;
				CLANG_WARN_CONSTANT_CONVERSION = YES;
				CLANG_WARN_DEPRECATED_OBJC_IMPLEMENTATIONS = YES;
				CLANG_WARN_DIRECT_OBJC_ISA_USAGE = YES_ERROR;
				CLANG_WARN_DOCUMENTATION_COMMENTS = YES;
				CLANG_WARN_EMPTY_BODY = YES;
				CLANG_WARN_ENUM_CONVERSION = YES;
				CLANG_WARN_INFINITE_RECURSION = YES;
				CLANG_WARN_INT_CONVERSION = YES;
				CLANG_WARN_NON_LITERAL_NULL_CONVERSION = YES;
				CLANG_WARN_OBJC_IMPLICIT_RETAIN_SELF = YES;
				CLANG_WARN_OBJC_LITERAL_CONVERSION = YES;
				CLANG_WARN_OBJC_ROOT_CLASS = YES_ERROR;
				CLANG_WARN_QUOTED_INCLUDE_IN_FRAMEWORK_HEADER = YES;
				CLANG_WARN_RANGE_LOOP_ANALYSIS = YES;
				CLANG_WARN_STRICT_PROTOTYPES = YES;
				CLANG_WARN_SUSPICIOUS_MOVE = YES;
				CLANG_WARN_UNGUARDED_AVAILABILITY = YES_AGGRESSIVE;
				CLANG_WARN_UNREACHABLE_CODE = YES;
				CLANG_WARN__DUPLICATE_METHOD_MATCH = YES;
				COPY_PHASE_STRIP = NO;
				DEBUG_INFORMATION_FORMAT = dwarf;
				ENABLE_STRICT_OBJC_MSGSEND = YES;
				ENABLE_TESTABILITY = YES;
				ENABLE_USER_SCRIPT_SANDBOXING = NO;
				GCC_C_LANGUAGE_STANDARD = gnu17;
				GCC_DYNAMIC_NO_PIC = NO;
				GCC_NO_COMMON_BLOCKS = YES;
				GCC_OPTIMIZATION_LEVEL = 0;
				GCC_PREPROCESSOR_DEFINITIONS = (
					"DEBUG=1",
					"$(inherited)",
				);
				GCC_WARN_64_TO_32_BIT_CONVERSION = YES;
				GCC_WARN_ABOUT_RETURN_TYPE = YES_ERROR;
				GCC_WARN_UNDECLARED_SELECTOR = YES;
				GCC_WARN_UNINITIALIZED_AUTOS = YES_AGGRESSIVE;
				GCC_WARN_UNUSED_FUNCTION = YES;
				GCC_WARN_UNUSED_VARIABLE = YES;
				IPHONEOS_DEPLOYMENT_TARGET = 16.4;
				LOCALIZATION_PREFERS_STRING_CATALOGS = YES;
				MTL_ENABLE_DEBUG_INFO = INCLUDE_SOURCE;
				MTL_FAST_MATH = YES;
				ONLY_ACTIVE_ARCH = YES;
				SDKROOT = iphoneos;
				SWIFT_ACTIVE_COMPILATION_CONDITIONS = "DEBUG $(inherited)";
				SWIFT_OPTIMIZATION_LEVEL = "-Onone";
			};
			name = Debug;
		};
		B56E1D1F2B466FBD00EFF481 /* Release */ = {
			isa = XCBuildConfiguration;
			buildSettings = {
				ALWAYS_SEARCH_USER_PATHS = NO;
				ASSETCATALOG_COMPILER_GENERATE_SWIFT_ASSET_SYMBOL_EXTENSIONS = YES;
				CLANG_ANALYZER_NONNULL = YES;
				CLANG_ANALYZER_NUMBER_OBJECT_CONVERSION = YES_AGGRESSIVE;
				CLANG_CXX_LANGUAGE_STANDARD = "gnu++20";
				CLANG_ENABLE_MODULES = YES;
				CLANG_ENABLE_OBJC_ARC = YES;
				CLANG_ENABLE_OBJC_WEAK = YES;
				CLANG_WARN_BLOCK_CAPTURE_AUTORELEASING = YES;
				CLANG_WARN_BOOL_CONVERSION = YES;
				CLANG_WARN_COMMA = YES;
				CLANG_WARN_CONSTANT_CONVERSION = YES;
				CLANG_WARN_DEPRECATED_OBJC_IMPLEMENTATIONS = YES;
				CLANG_WARN_DIRECT_OBJC_ISA_USAGE = YES_ERROR;
				CLANG_WARN_DOCUMENTATION_COMMENTS = YES;
				CLANG_WARN_EMPTY_BODY = YES;
				CLANG_WARN_ENUM_CONVERSION = YES;
				CLANG_WARN_INFINITE_RECURSION = YES;
				CLANG_WARN_INT_CONVERSION = YES;
				CLANG_WARN_NON_LITERAL_NULL_CONVERSION = YES;
				CLANG_WARN_OBJC_IMPLICIT_RETAIN_SELF = YES;
				CLANG_WARN_OBJC_LITERAL_CONVERSION = YES;
				CLANG_WARN_OBJC_ROOT_CLASS = YES_ERROR;
				CLANG_WARN_QUOTED_INCLUDE_IN_FRAMEWORK_HEADER = YES;
				CLANG_WARN_RANGE_LOOP_ANALYSIS = YES;
				CLANG_WARN_STRICT_PROTOTYPES = YES;
				CLANG_WARN_SUSPICIOUS_MOVE = YES;
				CLANG_WARN_UNGUARDED_AVAILABILITY = YES_AGGRESSIVE;
				CLANG_WARN_UNREACHABLE_CODE = YES;
				CLANG_WARN__DUPLICATE_METHOD_MATCH = YES;
				COPY_PHASE_STRIP = NO;
				DEBUG_INFORMATION_FORMAT = "dwarf-with-dsym";
				ENABLE_NS_ASSERTIONS = NO;
				ENABLE_STRICT_OBJC_MSGSEND = YES;
				ENABLE_USER_SCRIPT_SANDBOXING = NO;
				GCC_C_LANGUAGE_STANDARD = gnu17;
				GCC_NO_COMMON_BLOCKS = YES;
				GCC_WARN_64_TO_32_BIT_CONVERSION = YES;
				GCC_WARN_ABOUT_RETURN_TYPE = YES_ERROR;
				GCC_WARN_UNDECLARED_SELECTOR = YES;
				GCC_WARN_UNINITIALIZED_AUTOS = YES_AGGRESSIVE;
				GCC_WARN_UNUSED_FUNCTION = YES;
				GCC_WARN_UNUSED_VARIABLE = YES;
				IPHONEOS_DEPLOYMENT_TARGET = 16.4;
				LOCALIZATION_PREFERS_STRING_CATALOGS = YES;
				MTL_ENABLE_DEBUG_INFO = NO;
				MTL_FAST_MATH = YES;
				SDKROOT = iphoneos;
				SWIFT_COMPILATION_MODE = wholemodule;
				VALIDATE_PRODUCT = YES;
			};
			name = Release;
		};
		B56E1D212B466FBD00EFF481 /* Debug */ = {
			isa = XCBuildConfiguration;
			baseConfigurationReference = 015C2FE97783EA357F6E4C45 /* Pods-BritWord.debug.xcconfig */;
			buildSettings = {
				ASSETCATALOG_COMPILER_APPICON_NAME = AppIcon;
				ASSETCATALOG_COMPILER_GLOBAL_ACCENT_COLOR_NAME = AccentColor;
				CODE_SIGN_STYLE = Automatic;
				CURRENT_PROJECT_VERSION = 1;
				DEVELOPMENT_ASSET_PATHS = "\"BritWord/Preview Content\"";
				DEVELOPMENT_TEAM = 2RBYXPYV8Y;
				ENABLE_PREVIEWS = YES;
				GENERATE_INFOPLIST_FILE = YES;
				INFOPLIST_FILE = BritWord/Info.plist;
				INFOPLIST_KEY_UIApplicationSceneManifest_Generation = YES;
				INFOPLIST_KEY_UIApplicationSupportsIndirectInputEvents = YES;
				INFOPLIST_KEY_UILaunchScreen_Generation = YES;
				INFOPLIST_KEY_UISupportedInterfaceOrientations_iPad = "UIInterfaceOrientationPortrait UIInterfaceOrientationPortraitUpsideDown UIInterfaceOrientationLandscapeLeft UIInterfaceOrientationLandscapeRight";
				INFOPLIST_KEY_UISupportedInterfaceOrientations_iPhone = "UIInterfaceOrientationPortrait UIInterfaceOrientationLandscapeLeft UIInterfaceOrientationLandscapeRight";
				LD_RUNPATH_SEARCH_PATHS = (
					"$(inherited)",
					"@executable_path/Frameworks",
				);
				MARKETING_VERSION = 1.0;
				PRODUCT_BUNDLE_IDENTIFIER = com.thekodex.BritWord;
				PRODUCT_NAME = "$(TARGET_NAME)";
				SWIFT_EMIT_LOC_STRINGS = YES;
				SWIFT_VERSION = 5.0;
				TARGETED_DEVICE_FAMILY = "1,2";
			};
			name = Debug;
		};
		B56E1D222B466FBD00EFF481 /* Release */ = {
			isa = XCBuildConfiguration;
			baseConfigurationReference = 06F15661BCD62B74D63058B4 /* Pods-BritWord.release.xcconfig */;
			buildSettings = {
				ASSETCATALOG_COMPILER_APPICON_NAME = AppIcon;
				ASSETCATALOG_COMPILER_GLOBAL_ACCENT_COLOR_NAME = AccentColor;
				CODE_SIGN_STYLE = Automatic;
				CURRENT_PROJECT_VERSION = 1;
				DEVELOPMENT_ASSET_PATHS = "\"BritWord/Preview Content\"";
				DEVELOPMENT_TEAM = 2RBYXPYV8Y;
				ENABLE_PREVIEWS = YES;
				GENERATE_INFOPLIST_FILE = YES;
				INFOPLIST_FILE = BritWord/Info.plist;
				INFOPLIST_KEY_UIApplicationSceneManifest_Generation = YES;
				INFOPLIST_KEY_UIApplicationSupportsIndirectInputEvents = YES;
				INFOPLIST_KEY_UILaunchScreen_Generation = YES;
				INFOPLIST_KEY_UISupportedInterfaceOrientations_iPad = "UIInterfaceOrientationPortrait UIInterfaceOrientationPortraitUpsideDown UIInterfaceOrientationLandscapeLeft UIInterfaceOrientationLandscapeRight";
				INFOPLIST_KEY_UISupportedInterfaceOrientations_iPhone = "UIInterfaceOrientationPortrait UIInterfaceOrientationLandscapeLeft UIInterfaceOrientationLandscapeRight";
				LD_RUNPATH_SEARCH_PATHS = (
					"$(inherited)",
					"@executable_path/Frameworks",
				);
				MARKETING_VERSION = 1.0;
				PRODUCT_BUNDLE_IDENTIFIER = com.thekodex.BritWord;
				PRODUCT_NAME = "$(TARGET_NAME)";
				SWIFT_EMIT_LOC_STRINGS = YES;
				SWIFT_VERSION = 5.0;
				TARGETED_DEVICE_FAMILY = "1,2";
			};
			name = Release;
		};
		B5896BCC2C2EFA2C007723FE /* Debug */ = {
			isa = XCBuildConfiguration;
			buildSettings = {
				BUNDLE_LOADER = "$(TEST_HOST)";
				CODE_SIGN_STYLE = Automatic;
				CURRENT_PROJECT_VERSION = 1;
				DEVELOPMENT_TEAM = 2RBYXPYV8Y;
				ENABLE_USER_SCRIPT_SANDBOXING = YES;
				GENERATE_INFOPLIST_FILE = YES;
				IPHONEOS_DEPLOYMENT_TARGET = 17.5;
				MARKETING_VERSION = 1.0;
				PRODUCT_BUNDLE_IDENTIFIER = com.thekodex.BritWordTests;
				PRODUCT_NAME = "$(TARGET_NAME)";
				SWIFT_EMIT_LOC_STRINGS = NO;
				SWIFT_VERSION = 5.0;
				TARGETED_DEVICE_FAMILY = "1,2";
				TEST_HOST = "$(BUILT_PRODUCTS_DIR)/BritWord.app/$(BUNDLE_EXECUTABLE_FOLDER_PATH)/BritWord";
			};
			name = Debug;
		};
		B5896BCD2C2EFA2C007723FE /* Release */ = {
			isa = XCBuildConfiguration;
			buildSettings = {
				BUNDLE_LOADER = "$(TEST_HOST)";
				CODE_SIGN_STYLE = Automatic;
				CURRENT_PROJECT_VERSION = 1;
				DEVELOPMENT_TEAM = 2RBYXPYV8Y;
				ENABLE_USER_SCRIPT_SANDBOXING = YES;
				GENERATE_INFOPLIST_FILE = YES;
				IPHONEOS_DEPLOYMENT_TARGET = 17.5;
				MARKETING_VERSION = 1.0;
				PRODUCT_BUNDLE_IDENTIFIER = com.thekodex.BritWordTests;
				PRODUCT_NAME = "$(TARGET_NAME)";
				SWIFT_EMIT_LOC_STRINGS = NO;
				SWIFT_VERSION = 5.0;
				TARGETED_DEVICE_FAMILY = "1,2";
				TEST_HOST = "$(BUILT_PRODUCTS_DIR)/BritWord.app/$(BUNDLE_EXECUTABLE_FOLDER_PATH)/BritWord";
			};
			name = Release;
		};
/* End XCBuildConfiguration section */

/* Begin XCConfigurationList section */
		B56E1D0D2B466FBB00EFF481 /* Build configuration list for PBXProject "BritWord" */ = {
			isa = XCConfigurationList;
			buildConfigurations = (
				B56E1D1E2B466FBD00EFF481 /* Debug */,
				B56E1D1F2B466FBD00EFF481 /* Release */,
			);
			defaultConfigurationIsVisible = 0;
			defaultConfigurationName = Release;
		};
		B56E1D202B466FBD00EFF481 /* Build configuration list for PBXNativeTarget "BritWord" */ = {
			isa = XCConfigurationList;
			buildConfigurations = (
				B56E1D212B466FBD00EFF481 /* Debug */,
				B56E1D222B466FBD00EFF481 /* Release */,
			);
			defaultConfigurationIsVisible = 0;
			defaultConfigurationName = Release;
		};
		B5896BCE2C2EFA2C007723FE /* Build configuration list for PBXNativeTarget "BritWordTests" */ = {
			isa = XCConfigurationList;
			buildConfigurations = (
				B5896BCC2C2EFA2C007723FE /* Debug */,
				B5896BCD2C2EFA2C007723FE /* Release */,
			);
			defaultConfigurationIsVisible = 0;
			defaultConfigurationName = Release;
		};
/* End XCConfigurationList section */

/* Begin XCRemoteSwiftPackageReference section */
		B5926D012BFF7C5D000EA946 /* XCRemoteSwiftPackageReference "supabase-swift" */ = {
			isa = XCRemoteSwiftPackageReference;
			repositoryURL = "https://github.com/supabase/supabase-swift.git";
			requirement = {
				kind = upToNextMajorVersion;
				minimumVersion = 2.5.1;
			};
		};
		B5926D6B2C073FDE000EA946 /* XCRemoteSwiftPackageReference "lottie-ios" */ = {
			isa = XCRemoteSwiftPackageReference;
			repositoryURL = "https://github.com/airbnb/lottie-ios.git";
			requirement = {
				kind = upToNextMajorVersion;
				minimumVersion = 4.4.3;
			};
		};
/* End XCRemoteSwiftPackageReference section */

/* Begin XCSwiftPackageProductDependency section */
		B5926D022BFF7C5D000EA946 /* Auth */ = {
			isa = XCSwiftPackageProductDependency;
			package = B5926D012BFF7C5D000EA946 /* XCRemoteSwiftPackageReference "supabase-swift" */;
			productName = Auth;
		};
		B5926D042BFF7C5D000EA946 /* Functions */ = {
			isa = XCSwiftPackageProductDependency;
			package = B5926D012BFF7C5D000EA946 /* XCRemoteSwiftPackageReference "supabase-swift" */;
			productName = Functions;
		};
		B5926D062BFF7C5D000EA946 /* PostgREST */ = {
			isa = XCSwiftPackageProductDependency;
			package = B5926D012BFF7C5D000EA946 /* XCRemoteSwiftPackageReference "supabase-swift" */;
			productName = PostgREST;
		};
		B5926D082BFF7C5D000EA946 /* Realtime */ = {
			isa = XCSwiftPackageProductDependency;
			package = B5926D012BFF7C5D000EA946 /* XCRemoteSwiftPackageReference "supabase-swift" */;
			productName = Realtime;
		};
		B5926D0A2BFF7C5D000EA946 /* Storage */ = {
			isa = XCSwiftPackageProductDependency;
			package = B5926D012BFF7C5D000EA946 /* XCRemoteSwiftPackageReference "supabase-swift" */;
			productName = Storage;
		};
		B5926D0C2BFF7CA6000EA946 /* Supabase */ = {
			isa = XCSwiftPackageProductDependency;
			package = B5926D012BFF7C5D000EA946 /* XCRemoteSwiftPackageReference "supabase-swift" */;
			productName = Supabase;
		};
		B5926D6C2C073FDE000EA946 /* Lottie */ = {
			isa = XCSwiftPackageProductDependency;
			package = B5926D6B2C073FDE000EA946 /* XCRemoteSwiftPackageReference "lottie-ios" */;
			productName = Lottie;
		};
/* End XCSwiftPackageProductDependency section */
	};
	rootObject = B56E1D0A2B466FBB00EFF481 /* Project object */;
}
